// !$*UTF8*$!
{
	archiveVersion = 1;
	classes = {
	};
	objectVersion = 56;
	objects = {

/* Begin PBXBuildFile section */
		0C6000FC83DF6D91C933D873 /* SimpleImageView.swift in Sources */ = {isa = PBXBuildFile; fileRef = F730ECB41F35B30ADCEEF069 /* SimpleImageView.swift */; };
		135161F2D6150929CEF0A9D1 /* NotificationSettingsView.swift in Sources */ = {isa = PBXBuildFile; fileRef = B03008BCC45D5E32B158F66F /* NotificationSettingsView.swift */; };
		140CE30F96C5476776E42C34 /* UnifiedImagePickerModal.swift in Sources */ = {isa = PBXBuildFile; fileRef = 9CC3C5DBAC897BD5BAD446F8 /* UnifiedImagePickerModal.swift */; };
		1569B20890AD45422D438BC1 /* FieldVisibilityModifier.swift in Sources */ = {isa = PBXBuildFile; fileRef = BF8BABE731647487EFC23A76 /* FieldVisibilityModifier.swift */; };
		1DD643B9A325F36154A6078B /* LabelLiveSettings.swift in Sources */ = {isa = PBXBuildFile; fileRef = 1AFF25D6F4AAE782EEF291F9 /* LabelLiveSettings.swift */; };
		21D4D3B4CE1031814FDAFCCB /* ComprehensiveItemModels.swift in Sources */ = {isa = PBXBuildFile; fileRef = 463F35C3BE9ED261FEE0206F /* ComprehensiveItemModels.swift */; };
		2762D04C26D1C662BFB79CF0 /* ItemDetailsModal.swift in Sources */ = {isa = PBXBuildFile; fileRef = 099140CF4DCC3454A9EC9A5C /* ItemDetailsModal.swift */; };
		2FD1191823A920EBC8718583 /* ItemDetailsAdvancedSection.swift in Sources */ = {isa = PBXBuildFile; fileRef = E7C7A71E405D29DA8DA233CD /* ItemDetailsAdvancedSection.swift */; };
		33ACA92EB8376CDDB719088F /* QuantityNumpad.swift in Sources */ = {isa = PBXBuildFile; fileRef = 0B4067D357704001C7A0D307 /* QuantityNumpad.swift */; };
		343A5BEB820EB07235EEFE35 /* ItemDetailsPricingSection.swift in Sources */ = {isa = PBXBuildFile; fileRef = 65695EAA6350279F084BF63B /* ItemDetailsPricingSection.swift */; };
		3D033F23814EAC17F1F30659 /* ItemSettingsView.swift in Sources */ = {isa = PBXBuildFile; fileRef = 9DC776666D9E1A98076720A2 /* ItemSettingsView.swift */; };
		4017A953F9FBBE7E588A972C /* TokenService.swift in Sources */ = {isa = PBXBuildFile; fileRef = 7B48CACD7CFD81508BCDBFB9 /* TokenService.swift */; };
		41826807649EF63DBBA03CCD /* FieldConfigurationManager.swift in Sources */ = {isa = PBXBuildFile; fileRef = D71532DF527344EFA478B1B3 /* FieldConfigurationManager.swift */; };
		43A12C33A2000D835D11605B /* ItemDataTransformers.swift in Sources */ = {isa = PBXBuildFile; fileRef = BA6CAB610624BBFC8C7C36B6 /* ItemDataTransformers.swift */; };
		45740EBFB0E2D2CA4CCEC956 /* WebhookSignatureValidator.swift in Sources */ = {isa = PBXBuildFile; fileRef = 7F37514B9AC1E1E45F886FEB /* WebhookSignatureValidator.swift */; };
		4E9DC0AFA4C7DF303C097202 /* ItemAvailabilitySection.swift in Sources */ = {isa = PBXBuildFile; fileRef = 75FC10AFED4E5423B76916D5 /* ItemAvailabilitySection.swift */; };
		5C42100E0690BACD20C3D6F2 /* DuplicateDetectionService.swift in Sources */ = {isa = PBXBuildFile; fileRef = 16B4FF1AB7482AE61C22D7F0 /* DuplicateDetectionService.swift */; };
		5FB7F70AD13E95F7FDC8BD50 /* WebhookIntegrationTests.swift in Sources */ = {isa = PBXBuildFile; fileRef = 09BFF04263C6393A3C5DD86A /* WebhookIntegrationTests.swift */; };
		611221FE14DD319E9DC39D50 /* ItemEcommerceSection.swift in Sources */ = {isa = PBXBuildFile; fileRef = 4AFAF5D9F92448678D1A1EE2 /* ItemEcommerceSection.swift */; };
		633EAA03A1AACAFBDA6DCEC6 /* WebhookService.swift in Sources */ = {isa = PBXBuildFile; fileRef = 9CB9D6E0060770E50822CE1D /* WebhookService.swift */; };
		690DEB5BE22908836C5ABF87 /* SimpleImageService.swift in Sources */ = {isa = PBXBuildFile; fileRef = 5BF09157ED1FEE7951EC8474 /* SimpleImageService.swift */; };
		6EA41FDD40E6B3236E5DC902 /* FloatingActionButtons.swift in Sources */ = {isa = PBXBuildFile; fileRef = 3773602C0EF0A589CED63975 /* FloatingActionButtons.swift */; };
		6F5DE98B1CAA89726CC9FF2D /* NotificationSettingsService.swift in Sources */ = {isa = PBXBuildFile; fileRef = 94D98163B152C53C35F66FD4 /* NotificationSettingsService.swift */; };
		85126E4554FBE0F2C78D3609 /* ToastNotificationService.swift in Sources */ = {isa = PBXBuildFile; fileRef = 1645309EC63E18A4589C1AC3 /* ToastNotificationService.swift */; };
		9189A53F265287C2C25FF411 /* ItemDetailsBasicSection.swift in Sources */ = {isa = PBXBuildFile; fileRef = 1E5A87F50DC4826C17C46DD0 /* ItemDetailsBasicSection.swift */; };
		92151EA89C79EBB198799E77 /* ItemImageSection.swift in Sources */ = {isa = PBXBuildFile; fileRef = E2D5FAE44721EA24C8E50126 /* ItemImageSection.swift */; };
		99246C9B894AF2AE6D86F627 /* SquareCRUDService.swift in Sources */ = {isa = PBXBuildFile; fileRef = 35AB2C1793F03C8E7C4FDE80 /* SquareCRUDService.swift */; };
		99776EE3F97CD95D3C775838 /* ItemFieldConfiguration.swift in Sources */ = {isa = PBXBuildFile; fileRef = D96C042150C12C4387D96347 /* ItemFieldConfiguration.swift */; };
		9F1D75B816578F431F48DA54 /* WebhookManager.swift in Sources */ = {isa = PBXBuildFile; fileRef = 6F2B7DCDFE09A9CB0B24D0EA /* WebhookManager.swift */; };
		A1B2C3D4E5F6789012345678 /* JoyLabsNativeApp.swift in Sources */ = {isa = PBXBuildFile; fileRef = A1B2C3D4E5F6789012345679 /* JoyLabsNativeApp.swift */; };
		A1B2C3D4E5F6789012345680 /* ContentView.swift in Sources */ = {isa = PBXBuildFile; fileRef = A1B2C3D4E5F6789012345681 /* ContentView.swift */; };
		A1B2C3D4E5F6789012345682 /* Assets.xcassets in Resources */ = {isa = PBXBuildFile; fileRef = A1B2C3D4E5F6789012345683 /* Assets.xcassets */; };
		A1B2C3D4E5F6789012345684 /* Preview Assets.xcassets in Resources */ = {isa = PBXBuildFile; fileRef = A1B2C3D4E5F6789012345685 /* Preview Assets.xcassets */; };
		A1B2C3D4E5F6789012345716 /* SQLite in Frameworks */ = {isa = PBXBuildFile; productRef = A1B2C3D4E5F6789012345717 /* SQLite */; };
		A1B2C3D4E5F6789012345801 /* SQLiteSwiftCatalogManager.swift in Sources */ = {isa = PBXBuildFile; fileRef = A1B2C3D4E5F6789012345802 /* SQLiteSwiftCatalogManager.swift */; };
		A1B2C3D4E5F6789012345807 /* SQLiteSwiftSyncCoordinator.swift in Sources */ = {isa = PBXBuildFile; fileRef = A1B2C3D4E5F6789012345808 /* SQLiteSwiftSyncCoordinator.swift */; };
		A1B2C3D4E5F6789012345809 /* SQLiteSwiftCatalogSyncService.swift in Sources */ = {isa = PBXBuildFile; fileRef = A1B2C3D4E5F6789012345810 /* SQLiteSwiftCatalogSyncService.swift */; };
		A1B2C3D4E5F6789012345811 /* SquareAPIService.swift in Sources */ = {isa = PBXBuildFile; fileRef = A1B2C3D4E5F6789012345812 /* SquareAPIService.swift */; };
		A1B2C3D4E5F6789012345813 /* SquareOAuthCallbackHandler.swift in Sources */ = {isa = PBXBuildFile; fileRef = A1B2C3D4E5F6789012345814 /* SquareOAuthCallbackHandler.swift */; };
		A1B2C3D4E5F6789012345815 /* SquareOAuthService.swift in Sources */ = {isa = PBXBuildFile; fileRef = A1B2C3D4E5F6789012345816 /* SquareOAuthService.swift */; };
		A1B2C3D4E5F6789012345817 /* SquareAPIServiceFactory.swift in Sources */ = {isa = PBXBuildFile; fileRef = A1B2C3D4E5F6789012345818 /* SquareAPIServiceFactory.swift */; };
		A1B2C3D4E5F6789012345821 /* SquareConfiguration.swift in Sources */ = {isa = PBXBuildFile; fileRef = A1B2C3D4E5F6789012345822 /* SquareConfiguration.swift */; };
		A1B2C3D4E5F6789012345823 /* SquareErrorRecoveryManager.swift in Sources */ = {isa = PBXBuildFile; fileRef = A1B2C3D4E5F6789012345824 /* SquareErrorRecoveryManager.swift */; };
		A1B2C3D4E5F6789012345825 /* SquareHTTPClient.swift in Sources */ = {isa = PBXBuildFile; fileRef = A1B2C3D4E5F6789012345826 /* SquareHTTPClient.swift */; };
		A1B2C3D4E5F6789012345827 /* PKCEGenerator.swift in Sources */ = {isa = PBXBuildFile; fileRef = A1B2C3D4E5F6789012345828 /* PKCEGenerator.swift */; };
		A1B2C3D4E5F6789012345833 /* DatabaseModels.swift in Sources */ = {isa = PBXBuildFile; fileRef = A1B2C3D4E5F6789012345834 /* DatabaseModels.swift */; };
		A1B2C3D4E5F6789012345835 /* DataValidation.swift in Sources */ = {isa = PBXBuildFile; fileRef = A1B2C3D4E5F6789012345836 /* DataValidation.swift */; };
		A1B2C3D4E5F6789012345837 /* CatalogManagementView.swift in Sources */ = {isa = PBXBuildFile; fileRef = A1B2C3D4E5F6789012345838 /* CatalogManagementView.swift */; };
		A1B2C3D4E5F6789012345839 /* SquareLocationsService.swift in Sources */ = {isa = PBXBuildFile; fileRef = A1B2C3D4E5F6789012345840 /* SquareLocationsService.swift */; };
		A1B2C3D4E5F6789012345841 /* CatalogStatsService.swift in Sources */ = {isa = PBXBuildFile; fileRef = A1B2C3D4E5F6789012345842 /* CatalogStatsService.swift */; };
		A1B2C3D4E5F6789012345845 /* ImageURLManager.swift in Sources */ = {isa = PBXBuildFile; fileRef = A1B2C3D4E5F6789012345846 /* ImageURLManager.swift */; };
		A1B2C3D4E5F6789012345849 /* CatalogModels.swift in Sources */ = {isa = PBXBuildFile; fileRef = A1B2C3D4E5F6789012345849A /* CatalogModels.swift */; };
		A1B2C3D4E5F6789012345851 /* SearchManager.swift in Sources */ = {isa = PBXBuildFile; fileRef = A1B2C3D4E5F6789012345852 /* SearchManager.swift */; };
		A1B2C3D4E5F6789012345853 /* ScanView.swift in Sources */ = {isa = PBXBuildFile; fileRef = A1B2C3D4E5F6789012345854 /* ScanView.swift */; };
		A1B2C3D4E5F6789012345855 /* ReordersView.swift in Sources */ = {isa = PBXBuildFile; fileRef = A1B2C3D4E5F6789012345856 /* ReordersView.swift */; };
		A1B2C3D4E5F6789012345857 /* LabelsView.swift in Sources */ = {isa = PBXBuildFile; fileRef = A1B2C3D4E5F6789012345858 /* LabelsView.swift */; };
		A1B2C3D4E5F6789012345859 /* ProfileView.swift in Sources */ = {isa = PBXBuildFile; fileRef = A1B2C3D4E5F6789012345860 /* ProfileView.swift */; };
		A1B2C3D4E5F6789012345861 /* HeaderComponents.swift in Sources */ = {isa = PBXBuildFile; fileRef = A1B2C3D4E5F6789012345862 /* HeaderComponents.swift */; };
		A1B2C3D4E5F6789012345863 /* SearchComponents.swift in Sources */ = {isa = PBXBuildFile; fileRef = A1B2C3D4E5F6789012345864 /* SearchComponents.swift */; };
		A1B2C3D4E5F6789012345865 /* StateViews.swift in Sources */ = {isa = PBXBuildFile; fileRef = A1B2C3D4E5F6789012345866 /* StateViews.swift */; };
		A1B2C3D4E5F6789012345867 /* LabelModels.swift in Sources */ = {isa = PBXBuildFile; fileRef = A1B2C3D4E5F6789012345868 /* LabelModels.swift */; };
		A1B2C3D4E5F6789012345869 /* LabelComponents.swift in Sources */ = {isa = PBXBuildFile; fileRef = A1B2C3D4E5F6789012345870 /* LabelComponents.swift */; };
		A1B2C3D4E5F6789012345871 /* ReorderComponents.swift in Sources */ = {isa = PBXBuildFile; fileRef = A1B2C3D4E5F6789012345872 /* ReorderComponents.swift */; };
		A1B2C3D4E5F6789012345901 /* CatalogTableDefinitions.swift in Sources */ = {isa = PBXBuildFile; fileRef = A1B2C3D4E5F6789012345902 /* CatalogTableDefinitions.swift */; };
		A1B2C3D4E5F6789012345903 /* CatalogTableCreator.swift in Sources */ = {isa = PBXBuildFile; fileRef = A1B2C3D4E5F6789012345904 /* CatalogTableCreator.swift */; };
		A1B2C3D4E5F6789012345905 /* CatalogObjectInserters.swift in Sources */ = {isa = PBXBuildFile; fileRef = A1B2C3D4E5F6789012345906 /* CatalogObjectInserters.swift */; };
		A285779AFC5B5E43CA497F39 /* LabelLiveSettingsView.swift in Sources */ = {isa = PBXBuildFile; fileRef = 11C6F817152E7F615D5CB415 /* LabelLiveSettingsView.swift */; };
		AA5102A379E2429BBA60C844 /* NotificationPermissionView.swift in Sources */ = {isa = PBXBuildFile; fileRef = 2B0C0220C8486FC50DA6F922 /* NotificationPermissionView.swift */; };
		B839576176BE6BDF2B053D07 /* SquareDataConverter.swift in Sources */ = {isa = PBXBuildFile; fileRef = 9DAB355F729C92CB2F1631E3 /* SquareDataConverter.swift */; };
		C309C4756E80941769C46AB8 /* AppDelegate.swift in Sources */ = {isa = PBXBuildFile; fileRef = 93826EA70F24FEB3F6F59BD6 /* AppDelegate.swift */; };
		C798D416ABF659B88BDA1C8E /* PushNotificationService.swift in Sources */ = {isa = PBXBuildFile; fileRef = 5E3FB7296AC28F9B8969A75D /* PushNotificationService.swift */; };
		C8B848A33B7BFFE84D0A142D /* LabelLivePrintService.swift in Sources */ = {isa = PBXBuildFile; fileRef = D7606A3222698687642B402D /* LabelLivePrintService.swift */; };
		CC4CE3294C46EDAA954DC559 /* ItemDetailsViewModel.swift in Sources */ = {isa = PBXBuildFile; fileRef = D583607765D3CA494A3F396E /* ItemDetailsViewModel.swift */; };
		DA39CFBD36DCA1D81A5F2AB6 /* ItemCustomAttributesSection.swift in Sources */ = {isa = PBXBuildFile; fileRef = 109D8EF3405D7C8718DCDF2B /* ItemCustomAttributesSection.swift */; };
		DE9B0804171D8F8469343090 /* SquareImageService.swift in Sources */ = {isa = PBXBuildFile; fileRef = ECE3FAA42B58C68978179AFA /* SquareImageService.swift */; };
		E0A4C587E31A4D97E9D4D827 /* ItemDetailsCategoriesSection.swift in Sources */ = {isa = PBXBuildFile; fileRef = 36FF7B27B9EC548A6363CA3B /* ItemDetailsCategoriesSection.swift */; };
		E9A6D95E709090B8AEE36C79 /* NotificationsView.swift in Sources */ = {isa = PBXBuildFile; fileRef = 522EA5712FAC74516DFC29CF /* NotificationsView.swift */; };
		EAF11475F8FA6178769828DA /* ItemEnabledLocationsSection.swift in Sources */ = {isa = PBXBuildFile; fileRef = E05265C6905F14EE507527F2 /* ItemEnabledLocationsSection.swift */; };
		ECF91328F9AC5D2B917E3F1B /* WebhookNotificationService.swift in Sources */ = {isa = PBXBuildFile; fileRef = 6ECE051541206A85FCA7DCFC /* WebhookNotificationService.swift */; };
		EDE038AD6E5EFB5420A06F61 /* NotificationExtensions.swift in Sources */ = {isa = PBXBuildFile; fileRef = 49800521F9B080A23DC72541 /* NotificationExtensions.swift */; };
		EE69A41B578F628319F0F67C /* FieldConfigurationSettingsView.swift in Sources */ = {isa = PBXBuildFile; fileRef = E7E80DE7F61C9C720F968463 /* FieldConfigurationSettingsView.swift */; };
		F0E1858DA63A2B4ECA8E77E6 /* ItemLocationOverridesSection.swift in Sources */ = {isa = PBXBuildFile; fileRef = 24FCFC0D136AEF6740D9E682 /* ItemLocationOverridesSection.swift */; };
		F691E68C7ADFDA1137A12D8D /* ItemDeleteSection.swift in Sources */ = {isa = PBXBuildFile; fileRef = 68CAE024F232AEDA149CF627 /* ItemDeleteSection.swift */; };
		F734B51CB83D78322A781674 /* QuantitySelectionModal.swift in Sources */ = {isa = PBXBuildFile; fileRef = EB32D29A7FF02592B9894919 /* QuantitySelectionModal.swift */; };
		FB639BE785F378A20A1A5252 /* ItemMeasurementSection.swift in Sources */ = {isa = PBXBuildFile; fileRef = 0E3B3F77BC194AF2CF9CED6F /* ItemMeasurementSection.swift */; };
		FBD9A264FF0F76391E23E3E1 /* DuplicateWarningView.swift in Sources */ = {isa = PBXBuildFile; fileRef = 84F97B5C958182F299BA523E /* DuplicateWarningView.swift */; };
/* End PBXBuildFile section */

/* Begin PBXFileReference section */
		099140CF4DCC3454A9EC9A5C /* ItemDetailsModal.swift */ = {isa = PBXFileReference; includeInIndex = 1; lastKnownFileType = sourcecode.swift; name = ItemDetailsModal.swift; path = Components/ItemDetailsModal.swift; sourceTree = "<group>"; };
		09BFF04263C6393A3C5DD86A /* WebhookIntegrationTests.swift */ = {isa = PBXFileReference; includeInIndex = 1; lastKnownFileType = sourcecode.swift; name = WebhookIntegrationTests.swift; path = Testing/WebhookIntegrationTests.swift; sourceTree = "<group>"; };
		0B4067D357704001C7A0D307 /* QuantityNumpad.swift */ = {isa = PBXFileReference; includeInIndex = 1; lastKnownFileType = sourcecode.swift; path = QuantityNumpad.swift; sourceTree = "<group>"; };
		0E3B3F77BC194AF2CF9CED6F /* ItemMeasurementSection.swift */ = {isa = PBXFileReference; includeInIndex = 1; lastKnownFileType = sourcecode.swift; name = ItemMeasurementSection.swift; path = Components/ItemMeasurementSection.swift; sourceTree = "<group>"; };
		109D8EF3405D7C8718DCDF2B /* ItemCustomAttributesSection.swift */ = {isa = PBXFileReference; includeInIndex = 1; lastKnownFileType = sourcecode.swift; name = ItemCustomAttributesSection.swift; path = Components/ItemCustomAttributesSection.swift; sourceTree = "<group>"; };
		11C6F817152E7F615D5CB415 /* LabelLiveSettingsView.swift */ = {isa = PBXFileReference; includeInIndex = 1; lastKnownFileType = sourcecode.swift; name = LabelLiveSettingsView.swift; path = Views/LabelLiveSettingsView.swift; sourceTree = "<group>"; };
		1645309EC63E18A4589C1AC3 /* ToastNotificationService.swift */ = {isa = PBXFileReference; includeInIndex = 1; lastKnownFileType = sourcecode.swift; name = ToastNotificationService.swift; path = Core/Services/ToastNotificationService.swift; sourceTree = "<group>"; };
		16B4FF1AB7482AE61C22D7F0 /* DuplicateDetectionService.swift */ = {isa = PBXFileReference; includeInIndex = 1; lastKnownFileType = sourcecode.swift; name = DuplicateDetectionService.swift; path = Components/DuplicateDetectionService.swift; sourceTree = "<group>"; };
		1AFF25D6F4AAE782EEF291F9 /* LabelLiveSettings.swift */ = {isa = PBXFileReference; includeInIndex = 1; lastKnownFileType = sourcecode.swift; name = LabelLiveSettings.swift; path = Models/LabelLiveSettings.swift; sourceTree = "<group>"; };
		1E5A87F50DC4826C17C46DD0 /* ItemDetailsBasicSection.swift */ = {isa = PBXFileReference; includeInIndex = 1; lastKnownFileType = sourcecode.swift; name = ItemDetailsBasicSection.swift; path = Components/ItemDetailsBasicSection.swift; sourceTree = "<group>"; };
		24FCFC0D136AEF6740D9E682 /* ItemLocationOverridesSection.swift */ = {isa = PBXFileReference; includeInIndex = 1; lastKnownFileType = sourcecode.swift; name = ItemLocationOverridesSection.swift; path = Components/ItemLocationOverridesSection.swift; sourceTree = "<group>"; };
		2B0C0220C8486FC50DA6F922 /* NotificationPermissionView.swift */ = {isa = PBXFileReference; includeInIndex = 1; lastKnownFileType = sourcecode.swift; name = NotificationPermissionView.swift; path = JoyLabsNative/Views/NotificationPermissionView.swift; sourceTree = "<group>"; };
		35AB2C1793F03C8E7C4FDE80 /* SquareCRUDService.swift */ = {isa = PBXFileReference; includeInIndex = 1; lastKnownFileType = sourcecode.swift; name = SquareCRUDService.swift; path = Core/Square/SquareCRUDService.swift; sourceTree = "<group>"; };
		36FF7B27B9EC548A6363CA3B /* ItemDetailsCategoriesSection.swift */ = {isa = PBXFileReference; includeInIndex = 1; lastKnownFileType = sourcecode.swift; name = ItemDetailsCategoriesSection.swift; path = Components/ItemDetailsCategoriesSection.swift; sourceTree = "<group>"; };
		3773602C0EF0A589CED63975 /* FloatingActionButtons.swift */ = {isa = PBXFileReference; includeInIndex = 1; lastKnownFileType = sourcecode.swift; name = FloatingActionButtons.swift; path = Components/FloatingActionButtons.swift; sourceTree = "<group>"; };
		463F35C3BE9ED261FEE0206F /* ComprehensiveItemModels.swift */ = {isa = PBXFileReference; includeInIndex = 1; lastKnownFileType = sourcecode.swift; name = ComprehensiveItemModels.swift; path = Components/ComprehensiveItemModels.swift; sourceTree = "<group>"; };
		49800521F9B080A23DC72541 /* NotificationExtensions.swift */ = {isa = PBXFileReference; includeInIndex = 1; lastKnownFileType = sourcecode.swift; name = NotificationExtensions.swift; path = Core/Notifications/NotificationExtensions.swift; sourceTree = "<group>"; };
		4AFAF5D9F92448678D1A1EE2 /* ItemEcommerceSection.swift */ = {isa = PBXFileReference; includeInIndex = 1; lastKnownFileType = sourcecode.swift; name = ItemEcommerceSection.swift; path = Components/ItemEcommerceSection.swift; sourceTree = "<group>"; };
		522EA5712FAC74516DFC29CF /* NotificationsView.swift */ = {isa = PBXFileReference; includeInIndex = 1; lastKnownFileType = sourcecode.swift; name = NotificationsView.swift; path = Views/NotificationsView.swift; sourceTree = "<group>"; };
		5A12C207F099F0E3A82B8ADA /* PushNotificationService.swift */ = {isa = PBXFileReference; includeInIndex = 1; lastKnownFileType = sourcecode.swift; name = PushNotificationService.swift; path = JoyLabsNative/Core/Services/PushNotificationService.swift; sourceTree = "<group>"; };
		5BF09157ED1FEE7951EC8474 /* SimpleImageService.swift */ = {isa = PBXFileReference; includeInIndex = 1; lastKnownFileType = sourcecode.swift; name = SimpleImageService.swift; path = Core/Services/SimpleImageService.swift; sourceTree = "<group>"; };
		5E3FB7296AC28F9B8969A75D /* PushNotificationService.swift */ = {isa = PBXFileReference; includeInIndex = 1; lastKnownFileType = sourcecode.swift; name = PushNotificationService.swift; path = JoyLabsNative/Core/Services/PushNotificationService.swift; sourceTree = "<group>"; };
		65695EAA6350279F084BF63B /* ItemDetailsPricingSection.swift */ = {isa = PBXFileReference; includeInIndex = 1; lastKnownFileType = sourcecode.swift; name = ItemDetailsPricingSection.swift; path = Components/ItemDetailsPricingSection.swift; sourceTree = "<group>"; };
		68CAE024F232AEDA149CF627 /* ItemDeleteSection.swift */ = {isa = PBXFileReference; includeInIndex = 1; lastKnownFileType = sourcecode.swift; name = ItemDeleteSection.swift; path = Components/ItemDeleteSection.swift; sourceTree = "<group>"; };
		6ECE051541206A85FCA7DCFC /* WebhookNotificationService.swift */ = {isa = PBXFileReference; includeInIndex = 1; lastKnownFileType = sourcecode.swift; name = WebhookNotificationService.swift; path = Core/Services/WebhookNotificationService.swift; sourceTree = "<group>"; };
		6F2B7DCDFE09A9CB0B24D0EA /* WebhookManager.swift */ = {isa = PBXFileReference; includeInIndex = 1; lastKnownFileType = sourcecode.swift; name = WebhookManager.swift; path = Core/Services/WebhookManager.swift; sourceTree = "<group>"; };
		75FC10AFED4E5423B76916D5 /* ItemAvailabilitySection.swift */ = {isa = PBXFileReference; includeInIndex = 1; lastKnownFileType = sourcecode.swift; name = ItemAvailabilitySection.swift; path = Components/ItemAvailabilitySection.swift; sourceTree = "<group>"; };
		7B48CACD7CFD81508BCDBFB9 /* TokenService.swift */ = {isa = PBXFileReference; includeInIndex = 1; lastKnownFileType = sourcecode.swift; name = TokenService.swift; path = Core/Services/TokenService.swift; sourceTree = "<group>"; };
		7F37514B9AC1E1E45F886FEB /* WebhookSignatureValidator.swift */ = {isa = PBXFileReference; includeInIndex = 1; lastKnownFileType = sourcecode.swift; name = WebhookSignatureValidator.swift; path = Core/Services/WebhookSignatureValidator.swift; sourceTree = "<group>"; };
		84F97B5C958182F299BA523E /* DuplicateWarningView.swift */ = {isa = PBXFileReference; includeInIndex = 1; lastKnownFileType = sourcecode.swift; name = DuplicateWarningView.swift; path = Components/DuplicateWarningView.swift; sourceTree = "<group>"; };
		93826EA70F24FEB3F6F59BD6 /* AppDelegate.swift */ = {isa = PBXFileReference; includeInIndex = 1; lastKnownFileType = sourcecode.swift; name = AppDelegate.swift; path = JoyLabsNative/AppDelegate.swift; sourceTree = "<group>"; };
		94D98163B152C53C35F66FD4 /* NotificationSettingsService.swift */ = {isa = PBXFileReference; includeInIndex = 1; lastKnownFileType = sourcecode.swift; path = Core/Services/NotificationSettingsService.swift; sourceTree = "<group>"; };
		9CB9D6E0060770E50822CE1D /* WebhookService.swift */ = {isa = PBXFileReference; includeInIndex = 1; lastKnownFileType = sourcecode.swift; name = WebhookService.swift; path = Core/Services/WebhookService.swift; sourceTree = "<group>"; };
		9CC3C5DBAC897BD5BAD446F8 /* UnifiedImagePickerModal.swift */ = {isa = PBXFileReference; includeInIndex = 1; lastKnownFileType = sourcecode.swift; name = UnifiedImagePickerModal.swift; path = JoyLabsNative/Components/UnifiedImagePickerModal.swift; sourceTree = "<group>"; };
		9DAB355F729C92CB2F1631E3 /* SquareDataConverter.swift */ = {isa = PBXFileReference; includeInIndex = 1; lastKnownFileType = sourcecode.swift; name = SquareDataConverter.swift; path = Core/Services/SquareDataConverter.swift; sourceTree = "<group>"; };
		9DC776666D9E1A98076720A2 /* ItemSettingsView.swift */ = {isa = PBXFileReference; includeInIndex = 1; lastKnownFileType = sourcecode.swift; name = ItemSettingsView.swift; path = Views/ItemSettingsView.swift; sourceTree = "<group>"; };
		A1B2C3D4E5F6789012345679 /* JoyLabsNativeApp.swift */ = {isa = PBXFileReference; lastKnownFileType = sourcecode.swift; path = JoyLabsNativeApp.swift; sourceTree = "<group>"; };
		A1B2C3D4E5F6789012345681 /* ContentView.swift */ = {isa = PBXFileReference; lastKnownFileType = sourcecode.swift; path = ContentView.swift; sourceTree = "<group>"; };
		A1B2C3D4E5F6789012345683 /* Assets.xcassets */ = {isa = PBXFileReference; lastKnownFileType = folder.assetcatalog; path = Assets.xcassets; sourceTree = "<group>"; };
		A1B2C3D4E5F6789012345685 /* Preview Assets.xcassets */ = {isa = PBXFileReference; lastKnownFileType = folder.assetcatalog; path = "Preview Assets.xcassets"; sourceTree = "<group>"; };
		A1B2C3D4E5F6789012345686 /* JoyLabsNative.app */ = {isa = PBXFileReference; explicitFileType = wrapper.application; includeInIndex = 0; path = JoyLabsNative.app; sourceTree = BUILT_PRODUCTS_DIR; };
		A1B2C3D4E5F6789012345802 /* SQLiteSwiftCatalogManager.swift */ = {isa = PBXFileReference; lastKnownFileType = sourcecode.swift; path = JoyLabsNative/Core/Database/SQLiteSwiftCatalogManager.swift; sourceTree = "<group>"; };
		A1B2C3D4E5F6789012345808 /* SQLiteSwiftSyncCoordinator.swift */ = {isa = PBXFileReference; lastKnownFileType = sourcecode.swift; path = JoyLabsNative/Core/Square/SQLiteSwiftSyncCoordinator.swift; sourceTree = "<group>"; };
		A1B2C3D4E5F6789012345810 /* SQLiteSwiftCatalogSyncService.swift */ = {isa = PBXFileReference; lastKnownFileType = sourcecode.swift; path = JoyLabsNative/Core/Sync/SQLiteSwiftCatalogSyncService.swift; sourceTree = "<group>"; };
		A1B2C3D4E5F6789012345812 /* SquareAPIService.swift */ = {isa = PBXFileReference; lastKnownFileType = sourcecode.swift; path = JoyLabsNative/Core/Square/SquareAPIService.swift; sourceTree = "<group>"; };
		A1B2C3D4E5F6789012345814 /* SquareOAuthCallbackHandler.swift */ = {isa = PBXFileReference; lastKnownFileType = sourcecode.swift; path = JoyLabsNative/Core/Square/SquareOAuthCallbackHandler.swift; sourceTree = "<group>"; };
		A1B2C3D4E5F6789012345816 /* SquareOAuthService.swift */ = {isa = PBXFileReference; lastKnownFileType = sourcecode.swift; path = JoyLabsNative/Core/Square/SquareOAuthService.swift; sourceTree = "<group>"; };
		A1B2C3D4E5F6789012345818 /* SquareAPIServiceFactory.swift */ = {isa = PBXFileReference; lastKnownFileType = sourcecode.swift; path = JoyLabsNative/Core/Square/SquareAPIServiceFactory.swift; sourceTree = "<group>"; };
		A1B2C3D4E5F6789012345822 /* SquareConfiguration.swift */ = {isa = PBXFileReference; lastKnownFileType = sourcecode.swift; path = JoyLabsNative/Core/Square/SquareConfiguration.swift; sourceTree = "<group>"; };
		A1B2C3D4E5F6789012345824 /* SquareErrorRecoveryManager.swift */ = {isa = PBXFileReference; lastKnownFileType = sourcecode.swift; path = JoyLabsNative/Core/Square/SquareErrorRecoveryManager.swift; sourceTree = "<group>"; };
		A1B2C3D4E5F6789012345826 /* SquareHTTPClient.swift */ = {isa = PBXFileReference; lastKnownFileType = sourcecode.swift; path = JoyLabsNative/Core/Square/SquareHTTPClient.swift; sourceTree = "<group>"; };
		A1B2C3D4E5F6789012345828 /* PKCEGenerator.swift */ = {isa = PBXFileReference; lastKnownFileType = sourcecode.swift; path = JoyLabsNative/Core/Square/PKCEGenerator.swift; sourceTree = "<group>"; };
		A1B2C3D4E5F6789012345834 /* DatabaseModels.swift */ = {isa = PBXFileReference; lastKnownFileType = sourcecode.swift; path = JoyLabsNative/Core/Database/DatabaseModels.swift; sourceTree = "<group>"; };
		A1B2C3D4E5F6789012345836 /* DataValidation.swift */ = {isa = PBXFileReference; lastKnownFileType = sourcecode.swift; path = JoyLabsNative/Core/Database/DataValidation.swift; sourceTree = "<group>"; };
		A1B2C3D4E5F6789012345838 /* CatalogManagementView.swift */ = {isa = PBXFileReference; lastKnownFileType = sourcecode.swift; path = Views/Catalog/CatalogManagementView.swift; sourceTree = "<group>"; };
		A1B2C3D4E5F6789012345840 /* SquareLocationsService.swift */ = {isa = PBXFileReference; lastKnownFileType = sourcecode.swift; path = JoyLabsNative/Core/Square/SquareLocationsService.swift; sourceTree = "<group>"; };
		A1B2C3D4E5F6789012345842 /* CatalogStatsService.swift */ = {isa = PBXFileReference; lastKnownFileType = sourcecode.swift; path = JoyLabsNative/Core/Database/CatalogStatsService.swift; sourceTree = "<group>"; };
		A1B2C3D4E5F6789012345846 /* ImageURLManager.swift */ = {isa = PBXFileReference; lastKnownFileType = sourcecode.swift; path = JoyLabsNative/Core/Images/ImageURLManager.swift; sourceTree = "<group>"; };
		A1B2C3D4E5F6789012345849A /* CatalogModels.swift */ = {isa = PBXFileReference; lastKnownFileType = sourcecode.swift; path = Core/Models/CatalogModels.swift; sourceTree = "<group>"; };
		A1B2C3D4E5F6789012345852 /* SearchManager.swift */ = {isa = PBXFileReference; lastKnownFileType = sourcecode.swift; path = JoyLabsNative/Core/Search/SearchManager.swift; sourceTree = "<group>"; };
		A1B2C3D4E5F6789012345854 /* ScanView.swift */ = {isa = PBXFileReference; lastKnownFileType = sourcecode.swift; path = JoyLabsNative/Views/ScanView.swift; sourceTree = "<group>"; };
		A1B2C3D4E5F6789012345856 /* ReordersView.swift */ = {isa = PBXFileReference; lastKnownFileType = sourcecode.swift; path = JoyLabsNative/Views/ReordersView.swift; sourceTree = "<group>"; };
		A1B2C3D4E5F6789012345858 /* LabelsView.swift */ = {isa = PBXFileReference; lastKnownFileType = sourcecode.swift; path = JoyLabsNative/Views/LabelsView.swift; sourceTree = "<group>"; };
		A1B2C3D4E5F6789012345860 /* ProfileView.swift */ = {isa = PBXFileReference; lastKnownFileType = sourcecode.swift; path = JoyLabsNative/Views/ProfileView.swift; sourceTree = "<group>"; };
		A1B2C3D4E5F6789012345862 /* HeaderComponents.swift */ = {isa = PBXFileReference; lastKnownFileType = sourcecode.swift; path = JoyLabsNative/Components/HeaderComponents.swift; sourceTree = "<group>"; };
		A1B2C3D4E5F6789012345864 /* SearchComponents.swift */ = {isa = PBXFileReference; lastKnownFileType = sourcecode.swift; path = JoyLabsNative/Components/SearchComponents.swift; sourceTree = "<group>"; };
		A1B2C3D4E5F6789012345866 /* StateViews.swift */ = {isa = PBXFileReference; lastKnownFileType = sourcecode.swift; path = JoyLabsNative/Components/StateViews.swift; sourceTree = "<group>"; };
		A1B2C3D4E5F6789012345868 /* LabelModels.swift */ = {isa = PBXFileReference; lastKnownFileType = sourcecode.swift; path = JoyLabsNative/Models/LabelModels.swift; sourceTree = "<group>"; };
		A1B2C3D4E5F6789012345870 /* LabelComponents.swift */ = {isa = PBXFileReference; lastKnownFileType = sourcecode.swift; path = JoyLabsNative/Components/LabelComponents.swift; sourceTree = "<group>"; };
		A1B2C3D4E5F6789012345872 /* ReorderComponents.swift */ = {isa = PBXFileReference; lastKnownFileType = sourcecode.swift; path = JoyLabsNative/Components/ReorderComponents.swift; sourceTree = "<group>"; };
		A1B2C3D4E5F6789012345902 /* CatalogTableDefinitions.swift */ = {isa = PBXFileReference; lastKnownFileType = sourcecode.swift; path = JoyLabsNative/Core/Database/CatalogTableDefinitions.swift; sourceTree = "<group>"; };
		A1B2C3D4E5F6789012345904 /* CatalogTableCreator.swift */ = {isa = PBXFileReference; lastKnownFileType = sourcecode.swift; path = JoyLabsNative/Core/Database/CatalogTableCreator.swift; sourceTree = "<group>"; };
		A1B2C3D4E5F6789012345906 /* CatalogObjectInserters.swift */ = {isa = PBXFileReference; lastKnownFileType = sourcecode.swift; path = JoyLabsNative/Core/Database/CatalogObjectInserters.swift; sourceTree = "<group>"; };
		B03008BCC45D5E32B158F66F /* NotificationSettingsView.swift */ = {isa = PBXFileReference; includeInIndex = 1; lastKnownFileType = sourcecode.swift; path = Components/NotificationSettingsView.swift; sourceTree = "<group>"; };
		BA6CAB610624BBFC8C7C36B6 /* ItemDataTransformers.swift */ = {isa = PBXFileReference; includeInIndex = 1; lastKnownFileType = sourcecode.swift; name = ItemDataTransformers.swift; path = Components/ItemDataTransformers.swift; sourceTree = "<group>"; };
		BF8BABE731647487EFC23A76 /* FieldVisibilityModifier.swift */ = {isa = PBXFileReference; includeInIndex = 1; lastKnownFileType = sourcecode.swift; name = FieldVisibilityModifier.swift; path = Components/FieldVisibilityModifier.swift; sourceTree = "<group>"; };
		D583607765D3CA494A3F396E /* ItemDetailsViewModel.swift */ = {isa = PBXFileReference; includeInIndex = 1; lastKnownFileType = sourcecode.swift; name = ItemDetailsViewModel.swift; path = Components/ItemDetailsViewModel.swift; sourceTree = "<group>"; };
		D71532DF527344EFA478B1B3 /* FieldConfigurationManager.swift */ = {isa = PBXFileReference; includeInIndex = 1; lastKnownFileType = sourcecode.swift; name = FieldConfigurationManager.swift; path = Components/FieldConfigurationManager.swift; sourceTree = "<group>"; };
		D7606A3222698687642B402D /* LabelLivePrintService.swift */ = {isa = PBXFileReference; includeInIndex = 1; lastKnownFileType = sourcecode.swift; name = LabelLivePrintService.swift; path = Core/Services/LabelLivePrintService.swift; sourceTree = "<group>"; };
		D96C042150C12C4387D96347 /* ItemFieldConfiguration.swift */ = {isa = PBXFileReference; includeInIndex = 1; lastKnownFileType = sourcecode.swift; name = ItemFieldConfiguration.swift; path = Components/ItemFieldConfiguration.swift; sourceTree = "<group>"; };
		E05265C6905F14EE507527F2 /* ItemEnabledLocationsSection.swift */ = {isa = PBXFileReference; includeInIndex = 1; lastKnownFileType = sourcecode.swift; name = ItemEnabledLocationsSection.swift; path = Components/ItemEnabledLocationsSection.swift; sourceTree = "<group>"; };
		E2D5FAE44721EA24C8E50126 /* ItemImageSection.swift */ = {isa = PBXFileReference; includeInIndex = 1; lastKnownFileType = sourcecode.swift; name = ItemImageSection.swift; path = Components/ItemImageSection.swift; sourceTree = "<group>"; };
		E7C7A71E405D29DA8DA233CD /* ItemDetailsAdvancedSection.swift */ = {isa = PBXFileReference; includeInIndex = 1; lastKnownFileType = sourcecode.swift; name = ItemDetailsAdvancedSection.swift; path = Components/ItemDetailsAdvancedSection.swift; sourceTree = "<group>"; };
		E7E80DE7F61C9C720F968463 /* FieldConfigurationSettingsView.swift */ = {isa = PBXFileReference; includeInIndex = 1; lastKnownFileType = sourcecode.swift; name = FieldConfigurationSettingsView.swift; path = Components/FieldConfigurationSettingsView.swift; sourceTree = "<group>"; };
		EB32D29A7FF02592B9894919 /* QuantitySelectionModal.swift */ = {isa = PBXFileReference; includeInIndex = 1; lastKnownFileType = sourcecode.swift; name = QuantitySelectionModal.swift; path = Components/QuantitySelectionModal.swift; sourceTree = "<group>"; };
		ECE3FAA42B58C68978179AFA /* SquareImageService.swift */ = {isa = PBXFileReference; includeInIndex = 1; lastKnownFileType = sourcecode.swift; name = SquareImageService.swift; path = Core/Square/SquareImageService.swift; sourceTree = "<group>"; };
		F730ECB41F35B30ADCEEF069 /* SimpleImageView.swift */ = {isa = PBXFileReference; includeInIndex = 1; lastKnownFileType = sourcecode.swift; name = SimpleImageView.swift; path = Components/SimpleImageView.swift; sourceTree = "<group>"; };
		FCA1EEFAA8C3E62322E3ACB2 /* JoyLabsNative.entitlements */ = {isa = PBXFileReference; includeInIndex = 1; lastKnownFileType = text.plist.entitlements; name = JoyLabsNative.entitlements; path = JoyLabsNative/JoyLabsNative.entitlements; sourceTree = "<group>"; };
		FFC3BC89DCE156954A61833A /* NotificationPermissionView.swift */ = {isa = PBXFileReference; includeInIndex = 1; lastKnownFileType = sourcecode.swift; name = NotificationPermissionView.swift; path = JoyLabsNative/Views/NotificationPermissionView.swift; sourceTree = "<group>"; };
/* End PBXFileReference section */

/* Begin PBXFrameworksBuildPhase section */
		A1B2C3D4E5F6789012345687 /* Frameworks */ = {
			isa = PBXFrameworksBuildPhase;
			buildActionMask = 2147483647;
			files = (
				A1B2C3D4E5F6789012345716 /* SQLite in Frameworks */,
			);
			runOnlyForDeploymentPostprocessing = 0;
		};
/* End PBXFrameworksBuildPhase section */

/* Begin PBXGroup section */
		04A7BD54E19F17C9F0607C08 /* Testing */ = {
			isa = PBXGroup;
			children = (
				09BFF04263C6393A3C5DD86A /* WebhookIntegrationTests.swift */,
			);
			name = Testing;
			sourceTree = "<group>";
		};
		13B11C36BFD1E2EFD506D8BE /* Notifications */ = {
			isa = PBXGroup;
			children = (
				49800521F9B080A23DC72541 /* NotificationExtensions.swift */,
			);
			name = Notifications;
			sourceTree = "<group>";
		};
		1C9C1B46B2F1858B49E8B04B /* Services */ = {
			isa = PBXGroup;
			children = (
			);
			name = Services;
			sourceTree = "<group>";
		};
		28A38C553CC16D918D546621 /* Views */ = {
			isa = PBXGroup;
			children = (
				D0AB509709FDC88A502F7199 /* Components */,
				9DC776666D9E1A98076720A2 /* ItemSettingsView.swift */,
				AAE05EF10A6EA150787A9443 /* Testing */,
				FFC3BC89DCE156954A61833A /* NotificationPermissionView.swift */,
				522EA5712FAC74516DFC29CF /* NotificationsView.swift */,
				11C6F817152E7F615D5CB415 /* LabelLiveSettingsView.swift */,
			);
			name = Views;
			sourceTree = "<group>";
		};
		4D8B30827E46D710BD0E75EE /* Components */ = {
			isa = PBXGroup;
			children = (
				EB32D29A7FF02592B9894919 /* QuantitySelectionModal.swift */,
				099140CF4DCC3454A9EC9A5C /* ItemDetailsModal.swift */,
				D583607765D3CA494A3F396E /* ItemDetailsViewModel.swift */,
				1E5A87F50DC4826C17C46DD0 /* ItemDetailsBasicSection.swift */,
				65695EAA6350279F084BF63B /* ItemDetailsPricingSection.swift */,
				36FF7B27B9EC548A6363CA3B /* ItemDetailsCategoriesSection.swift */,
				E7C7A71E405D29DA8DA233CD /* ItemDetailsAdvancedSection.swift */,
				E2D5FAE44721EA24C8E50126 /* ItemImageSection.swift */,
				75FC10AFED4E5423B76916D5 /* ItemAvailabilitySection.swift */,
				E05265C6905F14EE507527F2 /* ItemEnabledLocationsSection.swift */,
				68CAE024F232AEDA149CF627 /* ItemDeleteSection.swift */,
				3773602C0EF0A589CED63975 /* FloatingActionButtons.swift */,
				463F35C3BE9ED261FEE0206F /* ComprehensiveItemModels.swift */,
				D96C042150C12C4387D96347 /* ItemFieldConfiguration.swift */,
				D71532DF527344EFA478B1B3 /* FieldConfigurationManager.swift */,
				E7E80DE7F61C9C720F968463 /* FieldConfigurationSettingsView.swift */,
				BF8BABE731647487EFC23A76 /* FieldVisibilityModifier.swift */,
				24FCFC0D136AEF6740D9E682 /* ItemLocationOverridesSection.swift */,
				109D8EF3405D7C8718DCDF2B /* ItemCustomAttributesSection.swift */,
				4AFAF5D9F92448678D1A1EE2 /* ItemEcommerceSection.swift */,
				0E3B3F77BC194AF2CF9CED6F /* ItemMeasurementSection.swift */,
				BA6CAB610624BBFC8C7C36B6 /* ItemDataTransformers.swift */,
				16B4FF1AB7482AE61C22D7F0 /* DuplicateDetectionService.swift */,
				84F97B5C958182F299BA523E /* DuplicateWarningView.swift */,
				B03008BCC45D5E32B158F66F /* NotificationSettingsView.swift */,
				F730ECB41F35B30ADCEEF069 /* SimpleImageView.swift */,
			);
			name = Components;
			sourceTree = "<group>";
		};
		556D91C6086532B7F7FFD0B8 /* Square */ = {
			isa = PBXGroup;
			children = (
				35AB2C1793F03C8E7C4FDE80 /* SquareCRUDService.swift */,
				ECE3FAA42B58C68978179AFA /* SquareImageService.swift */,
			);
			name = Square;
			sourceTree = "<group>";
		};
		77BBD53CCA5DCDECA9C8F056 /* Models */ = {
			isa = PBXGroup;
			children = (
				1AFF25D6F4AAE782EEF291F9 /* LabelLiveSettings.swift */,
			);
			name = Models;
			sourceTree = "<group>";
		};
		9B8F500A4CFBDA90802434D7 /* Core */ = {
			isa = PBXGroup;
			children = (
				1C9C1B46B2F1858B49E8B04B /* Services */,
			);
			name = Core;
			sourceTree = "<group>";
		};
		A1B2C3D4E5F6789012345688 = {
			isa = PBXGroup;
			children = (
				A1B2C3D4E5F6789012345689 /* JoyLabsNative */,
				A1B2C3D4E5F6789012345690 /* Products */,
				A95F32152E2C866B00D0A69F /* Recovered References */,
				9B8F500A4CFBDA90802434D7 /* Core */,
				ACE363384804D5E8952B9F91 /* Components */,
				5E3FB7296AC28F9B8969A75D /* PushNotificationService.swift */,
				2B0C0220C8486FC50DA6F922 /* NotificationPermissionView.swift */,
				93826EA70F24FEB3F6F59BD6 /* AppDelegate.swift */,
			);
			sourceTree = "<group>";
		};
		A1B2C3D4E5F6789012345689 /* JoyLabsNative */ = {
			isa = PBXGroup;
			children = (
				A1B2C3D4E5F6789012345679 /* JoyLabsNativeApp.swift */,
				A1B2C3D4E5F6789012345681 /* ContentView.swift */,
				A1B2C3D4E5F6789012345838 /* CatalogManagementView.swift */,
				A1B2C3D4E5F6789012345849A /* CatalogModels.swift */,
				A1B2C3D4E5F6789012345683 /* Assets.xcassets */,
				A1B2C3D4E5F6789012345691 /* Preview Content */,
				0B4067D357704001C7A0D307 /* QuantityNumpad.swift */,
				28A38C553CC16D918D546621 /* Views */,
				4D8B30827E46D710BD0E75EE /* Components */,
				ACFBF512FC988948E6642742 /* Core */,
				04A7BD54E19F17C9F0607C08 /* Testing */,
				FCA1EEFAA8C3E62322E3ACB2 /* JoyLabsNative.entitlements */,
				77BBD53CCA5DCDECA9C8F056 /* Models */,
			);
			path = JoyLabsNative;
			sourceTree = "<group>";
		};
		A1B2C3D4E5F6789012345690 /* Products */ = {
			isa = PBXGroup;
			children = (
				A1B2C3D4E5F6789012345686 /* JoyLabsNative.app */,
			);
			name = Products;
			sourceTree = "<group>";
		};
		A1B2C3D4E5F6789012345691 /* Preview Content */ = {
			isa = PBXGroup;
			children = (
				A1B2C3D4E5F6789012345685 /* Preview Assets.xcassets */,
			);
			path = "Preview Content";
			sourceTree = "<group>";
		};
		A32330C34ABEC2315839317A /* Images */ = {
			isa = PBXGroup;
			children = (
			);
			name = Images;
			sourceTree = "<group>";
		};
		A95F32152E2C866B00D0A69F /* Recovered References */ = {
			isa = PBXGroup;
			children = (
				A1B2C3D4E5F6789012345802 /* SQLiteSwiftCatalogManager.swift */,
				A1B2C3D4E5F6789012345902 /* CatalogTableDefinitions.swift */,
				A1B2C3D4E5F6789012345904 /* CatalogTableCreator.swift */,
				A1B2C3D4E5F6789012345906 /* CatalogObjectInserters.swift */,
				A1B2C3D4E5F6789012345808 /* SQLiteSwiftSyncCoordinator.swift */,
				A1B2C3D4E5F6789012345810 /* SQLiteSwiftCatalogSyncService.swift */,
				A1B2C3D4E5F6789012345812 /* SquareAPIService.swift */,
				A1B2C3D4E5F6789012345814 /* SquareOAuthCallbackHandler.swift */,
				A1B2C3D4E5F6789012345816 /* SquareOAuthService.swift */,
				A1B2C3D4E5F6789012345818 /* SquareAPIServiceFactory.swift */,
				A1B2C3D4E5F6789012345822 /* SquareConfiguration.swift */,
				A1B2C3D4E5F6789012345824 /* SquareErrorRecoveryManager.swift */,
				A1B2C3D4E5F6789012345826 /* SquareHTTPClient.swift */,
				A1B2C3D4E5F6789012345828 /* PKCEGenerator.swift */,
				A1B2C3D4E5F6789012345834 /* DatabaseModels.swift */,
				A1B2C3D4E5F6789012345836 /* DataValidation.swift */,
				A1B2C3D4E5F6789012345840 /* SquareLocationsService.swift */,
				A1B2C3D4E5F6789012345842 /* CatalogStatsService.swift */,
				A1B2C3D4E5F6789012345846 /* ImageURLManager.swift */,
				A1B2C3D4E5F6789012345852 /* SearchManager.swift */,
				A1B2C3D4E5F6789012345854 /* ScanView.swift */,
				A1B2C3D4E5F6789012345856 /* ReordersView.swift */,
				A1B2C3D4E5F6789012345858 /* LabelsView.swift */,
				A1B2C3D4E5F6789012345860 /* ProfileView.swift */,
				A1B2C3D4E5F6789012345862 /* HeaderComponents.swift */,
				A1B2C3D4E5F6789012345864 /* SearchComponents.swift */,
				A1B2C3D4E5F6789012345866 /* StateViews.swift */,
				A1B2C3D4E5F6789012345868 /* LabelModels.swift */,
				A1B2C3D4E5F6789012345870 /* LabelComponents.swift */,
				A1B2C3D4E5F6789012345872 /* ReorderComponents.swift */,
			);
			name = "Recovered References";
			sourceTree = "<group>";
		};
		AAE05EF10A6EA150787A9443 /* Testing */ = {
			isa = PBXGroup;
			children = (
			);
			name = Testing;
			sourceTree = "<group>";
		};
		ACE363384804D5E8952B9F91 /* Components */ = {
			isa = PBXGroup;
			children = (
				9CC3C5DBAC897BD5BAD446F8 /* UnifiedImagePickerModal.swift */,
			);
			name = Components;
			sourceTree = "<group>";
		};
		ACFBF512FC988948E6642742 /* Core */ = {
			isa = PBXGroup;
			children = (
				C02562C64D770137DB730E52 /* Services */,
				556D91C6086532B7F7FFD0B8 /* Square */,
				13B11C36BFD1E2EFD506D8BE /* Notifications */,
				A32330C34ABEC2315839317A /* Images */,
			);
			name = Core;
			sourceTree = "<group>";
		};
		C02562C64D770137DB730E52 /* Services */ = {
			isa = PBXGroup;
			children = (
				9DAB355F729C92CB2F1631E3 /* SquareDataConverter.swift */,
				9CB9D6E0060770E50822CE1D /* WebhookService.swift */,
				7F37514B9AC1E1E45F886FEB /* WebhookSignatureValidator.swift */,
				6F2B7DCDFE09A9CB0B24D0EA /* WebhookManager.swift */,
				6ECE051541206A85FCA7DCFC /* WebhookNotificationService.swift */,
				5A12C207F099F0E3A82B8ADA /* PushNotificationService.swift */,
				94D98163B152C53C35F66FD4 /* NotificationSettingsService.swift */,
				7B48CACD7CFD81508BCDBFB9 /* TokenService.swift */,
				1645309EC63E18A4589C1AC3 /* ToastNotificationService.swift */,
				5BF09157ED1FEE7951EC8474 /* SimpleImageService.swift */,
				D7606A3222698687642B402D /* LabelLivePrintService.swift */,
			);
			name = Services;
			sourceTree = "<group>";
		};
		D0AB509709FDC88A502F7199 /* Components */ = {
			isa = PBXGroup;
			children = (
			);
			name = Components;
			sourceTree = "<group>";
		};
/* End PBXGroup section */

/* Begin PBXNativeTarget section */
		A1B2C3D4E5F6789012345692 /* JoyLabsNative */ = {
			isa = PBXNativeTarget;
			buildConfigurationList = A1B2C3D4E5F6789012345693 /* Build configuration list for PBXNativeTarget "JoyLabsNative" */;
			buildPhases = (
				A1B2C3D4E5F6789012345694 /* Sources */,
				A1B2C3D4E5F6789012345687 /* Frameworks */,
				A1B2C3D4E5F6789012345695 /* Resources */,
			);
			buildRules = (
			);
			dependencies = (
			);
			name = JoyLabsNative;
			packageProductDependencies = (
				A1B2C3D4E5F6789012345717 /* SQLite */,
			);
			productName = JoyLabsNative;
			productReference = A1B2C3D4E5F6789012345686 /* JoyLabsNative.app */;
			productType = "com.apple.product-type.application";
		};
/* End PBXNativeTarget section */

/* Begin PBXProject section */
		A1B2C3D4E5F6789012345696 /* Project object */ = {
			isa = PBXProject;
			attributes = {
				BuildIndependentTargetsInParallel = 1;
				LastSwiftUpdateCheck = 1500;
				LastUpgradeCheck = 1640;
				TargetAttributes = {
					A1B2C3D4E5F6789012345692 = {
						CreatedOnToolsVersion = 15.0;
					};
				};
			};
			buildConfigurationList = A1B2C3D4E5F6789012345697 /* Build configuration list for PBXProject "JoyLabsNative" */;
			compatibilityVersion = "Xcode 14.0";
			developmentRegion = en;
			hasScannedForEncodings = 0;
			knownRegions = (
				en,
				Base,
			);
			mainGroup = A1B2C3D4E5F6789012345688;
			packageReferences = (
				A1B2C3D4E5F6789012345718 /* XCRemoteSwiftPackageReference "SQLite.swift" */,
			);
			productRefGroup = A1B2C3D4E5F6789012345690 /* Products */;
			projectDirPath = "";
			projectRoot = "";
			targets = (
				A1B2C3D4E5F6789012345692 /* JoyLabsNative */,
			);
		};
/* End PBXProject section */

/* Begin PBXResourcesBuildPhase section */
		A1B2C3D4E5F6789012345695 /* Resources */ = {
			isa = PBXResourcesBuildPhase;
			buildActionMask = 2147483647;
			files = (
				A1B2C3D4E5F6789012345684 /* Preview Assets.xcassets in Resources */,
				A1B2C3D4E5F6789012345682 /* Assets.xcassets in Resources */,
			);
			runOnlyForDeploymentPostprocessing = 0;
		};
/* End PBXResourcesBuildPhase section */

/* Begin PBXSourcesBuildPhase section */
		A1B2C3D4E5F6789012345694 /* Sources */ = {
			isa = PBXSourcesBuildPhase;
			buildActionMask = 2147483647;
			files = (
				A1B2C3D4E5F6789012345680 /* ContentView.swift in Sources */,
				A1B2C3D4E5F6789012345678 /* JoyLabsNativeApp.swift in Sources */,
				A1B2C3D4E5F6789012345801 /* SQLiteSwiftCatalogManager.swift in Sources */,
				A1B2C3D4E5F6789012345901 /* CatalogTableDefinitions.swift in Sources */,
				A1B2C3D4E5F6789012345903 /* CatalogTableCreator.swift in Sources */,
				A1B2C3D4E5F6789012345905 /* CatalogObjectInserters.swift in Sources */,
				A1B2C3D4E5F6789012345807 /* SQLiteSwiftSyncCoordinator.swift in Sources */,
				A1B2C3D4E5F6789012345809 /* SQLiteSwiftCatalogSyncService.swift in Sources */,
				A1B2C3D4E5F6789012345811 /* SquareAPIService.swift in Sources */,
				A1B2C3D4E5F6789012345813 /* SquareOAuthCallbackHandler.swift in Sources */,
				A1B2C3D4E5F6789012345815 /* SquareOAuthService.swift in Sources */,
				A1B2C3D4E5F6789012345817 /* SquareAPIServiceFactory.swift in Sources */,
				A1B2C3D4E5F6789012345821 /* SquareConfiguration.swift in Sources */,
				A1B2C3D4E5F6789012345823 /* SquareErrorRecoveryManager.swift in Sources */,
				A1B2C3D4E5F6789012345825 /* SquareHTTPClient.swift in Sources */,
				A1B2C3D4E5F6789012345827 /* PKCEGenerator.swift in Sources */,
				A1B2C3D4E5F6789012345833 /* DatabaseModels.swift in Sources */,
				A1B2C3D4E5F6789012345835 /* DataValidation.swift in Sources */,
				A1B2C3D4E5F6789012345837 /* CatalogManagementView.swift in Sources */,
				A1B2C3D4E5F6789012345839 /* SquareLocationsService.swift in Sources */,
				A1B2C3D4E5F6789012345841 /* CatalogStatsService.swift in Sources */,
				A1B2C3D4E5F6789012345845 /* ImageURLManager.swift in Sources */,
				A1B2C3D4E5F6789012345849 /* CatalogModels.swift in Sources */,
				A1B2C3D4E5F6789012345851 /* SearchManager.swift in Sources */,
				A1B2C3D4E5F6789012345853 /* ScanView.swift in Sources */,
				A1B2C3D4E5F6789012345855 /* ReordersView.swift in Sources */,
				A1B2C3D4E5F6789012345857 /* LabelsView.swift in Sources */,
				A1B2C3D4E5F6789012345859 /* ProfileView.swift in Sources */,
				A1B2C3D4E5F6789012345861 /* HeaderComponents.swift in Sources */,
				A1B2C3D4E5F6789012345863 /* SearchComponents.swift in Sources */,
				A1B2C3D4E5F6789012345865 /* StateViews.swift in Sources */,
				A1B2C3D4E5F6789012345867 /* LabelModels.swift in Sources */,
				A1B2C3D4E5F6789012345869 /* LabelComponents.swift in Sources */,
				A1B2C3D4E5F6789012345871 /* ReorderComponents.swift in Sources */,
				33ACA92EB8376CDDB719088F /* QuantityNumpad.swift in Sources */,
				F734B51CB83D78322A781674 /* QuantitySelectionModal.swift in Sources */,
				2762D04C26D1C662BFB79CF0 /* ItemDetailsModal.swift in Sources */,
				CC4CE3294C46EDAA954DC559 /* ItemDetailsViewModel.swift in Sources */,
				9189A53F265287C2C25FF411 /* ItemDetailsBasicSection.swift in Sources */,
				343A5BEB820EB07235EEFE35 /* ItemDetailsPricingSection.swift in Sources */,
				E0A4C587E31A4D97E9D4D827 /* ItemDetailsCategoriesSection.swift in Sources */,
				2FD1191823A920EBC8718583 /* ItemDetailsAdvancedSection.swift in Sources */,
				92151EA89C79EBB198799E77 /* ItemImageSection.swift in Sources */,
				4E9DC0AFA4C7DF303C097202 /* ItemAvailabilitySection.swift in Sources */,
				EAF11475F8FA6178769828DA /* ItemEnabledLocationsSection.swift in Sources */,
				F691E68C7ADFDA1137A12D8D /* ItemDeleteSection.swift in Sources */,
				6EA41FDD40E6B3236E5DC902 /* FloatingActionButtons.swift in Sources */,
				21D4D3B4CE1031814FDAFCCB /* ComprehensiveItemModels.swift in Sources */,
				99776EE3F97CD95D3C775838 /* ItemFieldConfiguration.swift in Sources */,
				41826807649EF63DBBA03CCD /* FieldConfigurationManager.swift in Sources */,
				EE69A41B578F628319F0F67C /* FieldConfigurationSettingsView.swift in Sources */,
				1569B20890AD45422D438BC1 /* FieldVisibilityModifier.swift in Sources */,
				3D033F23814EAC17F1F30659 /* ItemSettingsView.swift in Sources */,
				F0E1858DA63A2B4ECA8E77E6 /* ItemLocationOverridesSection.swift in Sources */,
				DA39CFBD36DCA1D81A5F2AB6 /* ItemCustomAttributesSection.swift in Sources */,
				611221FE14DD319E9DC39D50 /* ItemEcommerceSection.swift in Sources */,
				FB639BE785F378A20A1A5252 /* ItemMeasurementSection.swift in Sources */,
				43A12C33A2000D835D11605B /* ItemDataTransformers.swift in Sources */,
				99246C9B894AF2AE6D86F627 /* SquareCRUDService.swift in Sources */,
				B839576176BE6BDF2B053D07 /* SquareDataConverter.swift in Sources */,
				5C42100E0690BACD20C3D6F2 /* DuplicateDetectionService.swift in Sources */,
				FBD9A264FF0F76391E23E3E1 /* DuplicateWarningView.swift in Sources */,
				DE9B0804171D8F8469343090 /* SquareImageService.swift in Sources */,
				EDE038AD6E5EFB5420A06F61 /* NotificationExtensions.swift in Sources */,
				140CE30F96C5476776E42C34 /* UnifiedImagePickerModal.swift in Sources */,
				633EAA03A1AACAFBDA6DCEC6 /* WebhookService.swift in Sources */,
				45740EBFB0E2D2CA4CCEC956 /* WebhookSignatureValidator.swift in Sources */,
				9F1D75B816578F431F48DA54 /* WebhookManager.swift in Sources */,
				ECF91328F9AC5D2B917E3F1B /* WebhookNotificationService.swift in Sources */,
				5FB7F70AD13E95F7FDC8BD50 /* WebhookIntegrationTests.swift in Sources */,
				C798D416ABF659B88BDA1C8E /* PushNotificationService.swift in Sources */,
				AA5102A379E2429BBA60C844 /* NotificationPermissionView.swift in Sources */,
				C309C4756E80941769C46AB8 /* AppDelegate.swift in Sources */,
				6F5DE98B1CAA89726CC9FF2D /* NotificationSettingsService.swift in Sources */,
				135161F2D6150929CEF0A9D1 /* NotificationSettingsView.swift in Sources */,
				4017A953F9FBBE7E588A972C /* TokenService.swift in Sources */,
				E9A6D95E709090B8AEE36C79 /* NotificationsView.swift in Sources */,
				85126E4554FBE0F2C78D3609 /* ToastNotificationService.swift in Sources */,
				690DEB5BE22908836C5ABF87 /* SimpleImageService.swift in Sources */,
				0C6000FC83DF6D91C933D873 /* SimpleImageView.swift in Sources */,
				1DD643B9A325F36154A6078B /* LabelLiveSettings.swift in Sources */,
				A285779AFC5B5E43CA497F39 /* LabelLiveSettingsView.swift in Sources */,
				C8B848A33B7BFFE84D0A142D /* LabelLivePrintService.swift in Sources */,
			);
			runOnlyForDeploymentPostprocessing = 0;
		};
/* End PBXSourcesBuildPhase section */

/* Begin XCBuildConfiguration section */
		A1B2C3D4E5F6789012345698 /* Debug */ = {
			isa = XCBuildConfiguration;
			buildSettings = {
				ALWAYS_SEARCH_USER_PATHS = NO;
				ASSETCATALOG_COMPILER_GENERATE_SWIFT_ASSET_SYMBOL_EXTENSIONS = YES;
				CLANG_ANALYZER_NONNULL = YES;
				CLANG_ANALYZER_NUMBER_OBJECT_CONVERSION = YES_AGGRESSIVE;
				CLANG_CXX_LANGUAGE_STANDARD = "gnu++20";
				CLANG_ENABLE_MODULES = YES;
				CLANG_ENABLE_OBJC_ARC = YES;
				CLANG_ENABLE_OBJC_WEAK = YES;
				CLANG_WARN_BLOCK_CAPTURE_AUTORELEASING = YES;
				CLANG_WARN_BOOL_CONVERSION = YES;
				CLANG_WARN_COMMA = YES;
				CLANG_WARN_CONSTANT_CONVERSION = YES;
				CLANG_WARN_DEPRECATED_OBJC_IMPLEMENTATIONS = YES;
				CLANG_WARN_DIRECT_OBJC_ISA_USAGE = YES_ERROR;
				CLANG_WARN_DOCUMENTATION_COMMENTS = YES;
				CLANG_WARN_EMPTY_BODY = YES;
				CLANG_WARN_ENUM_CONVERSION = YES;
				CLANG_WARN_INFINITE_RECURSION = YES;
				CLANG_WARN_INT_CONVERSION = YES;
				CLANG_WARN_NON_LITERAL_NULL_CONVERSION = YES;
				CLANG_WARN_OBJC_IMPLICIT_RETAIN_SELF = YES;
				CLANG_WARN_OBJC_LITERAL_CONVERSION = YES;
				CLANG_WARN_OBJC_ROOT_CLASS = YES_ERROR;
				CLANG_WARN_QUOTED_INCLUDE_IN_FRAMEWORK_HEADER = YES;
				CLANG_WARN_RANGE_LOOP_ANALYSIS = YES;
				CLANG_WARN_STRICT_PROTOTYPES = YES;
				CLANG_WARN_SUSPICIOUS_MOVE = YES;
				CLANG_WARN_UNGUARDED_AVAILABILITY = YES_AGGRESSIVE;
				CLANG_WARN_UNREACHABLE_CODE = YES;
				CLANG_WARN__DUPLICATE_METHOD_MATCH = YES;
				COPY_PHASE_STRIP = NO;
				DEBUG_INFORMATION_FORMAT = dwarf;
				DEVELOPMENT_TEAM = KDD3ZB7XA8;
				ENABLE_STRICT_OBJC_MSGSEND = YES;
				ENABLE_TESTABILITY = YES;
				ENABLE_USER_SCRIPT_SANDBOXING = YES;
				GCC_C_LANGUAGE_STANDARD = gnu17;
				GCC_DYNAMIC_NO_PIC = NO;
				GCC_NO_COMMON_BLOCKS = YES;
				GCC_OPTIMIZATION_LEVEL = 0;
				GCC_PREPROCESSOR_DEFINITIONS = (
					"DEBUG=1",
					"$(inherited)",
				);
				GCC_WARN_64_TO_32_BIT_CONVERSION = YES;
				GCC_WARN_ABOUT_RETURN_TYPE = YES_ERROR;
				GCC_WARN_UNDECLARED_SELECTOR = YES;
				GCC_WARN_UNINITIALIZED_AUTOS = YES_AGGRESSIVE;
				GCC_WARN_UNUSED_FUNCTION = YES;
				GCC_WARN_UNUSED_VARIABLE = YES;
				IPHONEOS_DEPLOYMENT_TARGET = 18.5;
				LOCALIZATION_PREFERS_STRING_CATALOGS = YES;
				MTL_ENABLE_DEBUG_INFO = INCLUDE_SOURCE;
				MTL_FAST_MATH = YES;
				ONLY_ACTIVE_ARCH = YES;
				SDKROOT = iphoneos;
				SWIFT_ACTIVE_COMPILATION_CONDITIONS = "DEBUG $(inherited)";
				SWIFT_OPTIMIZATION_LEVEL = "-Onone";
			};
			name = Debug;
		};
		A1B2C3D4E5F6789012345699 /* Release */ = {
			isa = XCBuildConfiguration;
			buildSettings = {
				ALWAYS_SEARCH_USER_PATHS = NO;
				ASSETCATALOG_COMPILER_GENERATE_SWIFT_ASSET_SYMBOL_EXTENSIONS = YES;
				CLANG_ANALYZER_NONNULL = YES;
				CLANG_ANALYZER_NUMBER_OBJECT_CONVERSION = YES_AGGRESSIVE;
				CLANG_CXX_LANGUAGE_STANDARD = "gnu++20";
				CLANG_ENABLE_MODULES = YES;
				CLANG_ENABLE_OBJC_ARC = YES;
				CLANG_ENABLE_OBJC_WEAK = YES;
				CLANG_WARN_BLOCK_CAPTURE_AUTORELEASING = YES;
				CLANG_WARN_BOOL_CONVERSION = YES;
				CLANG_WARN_COMMA = YES;
				CLANG_WARN_CONSTANT_CONVERSION = YES;
				CLANG_WARN_DEPRECATED_OBJC_IMPLEMENTATIONS = YES;
				CLANG_WARN_DIRECT_OBJC_ISA_USAGE = YES_ERROR;
				CLANG_WARN_DOCUMENTATION_COMMENTS = YES;
				CLANG_WARN_EMPTY_BODY = YES;
				CLANG_WARN_ENUM_CONVERSION = YES;
				CLANG_WARN_INFINITE_RECURSION = YES;
				CLANG_WARN_INT_CONVERSION = YES;
				CLANG_WARN_NON_LITERAL_NULL_CONVERSION = YES;
				CLANG_WARN_OBJC_IMPLICIT_RETAIN_SELF = YES;
				CLANG_WARN_OBJC_LITERAL_CONVERSION = YES;
				CLANG_WARN_OBJC_ROOT_CLASS = YES_ERROR;
				CLANG_WARN_QUOTED_INCLUDE_IN_FRAMEWORK_HEADER = YES;
				CLANG_WARN_RANGE_LOOP_ANALYSIS = YES;
				CLANG_WARN_STRICT_PROTOTYPES = YES;
				CLANG_WARN_SUSPICIOUS_MOVE = YES;
				CLANG_WARN_UNGUARDED_AVAILABILITY = YES_AGGRESSIVE;
				CLANG_WARN_UNREACHABLE_CODE = YES;
				CLANG_WARN__DUPLICATE_METHOD_MATCH = YES;
				COPY_PHASE_STRIP = NO;
				DEBUG_INFORMATION_FORMAT = "dwarf-with-dsym";
				DEVELOPMENT_TEAM = KDD3ZB7XA8;
				ENABLE_NS_ASSERTIONS = NO;
				ENABLE_STRICT_OBJC_MSGSEND = YES;
				ENABLE_USER_SCRIPT_SANDBOXING = YES;
				GCC_C_LANGUAGE_STANDARD = gnu17;
				GCC_NO_COMMON_BLOCKS = YES;
				GCC_WARN_64_TO_32_BIT_CONVERSION = YES;
				GCC_WARN_ABOUT_RETURN_TYPE = YES_ERROR;
				GCC_WARN_UNDECLARED_SELECTOR = YES;
				GCC_WARN_UNINITIALIZED_AUTOS = YES_AGGRESSIVE;
				GCC_WARN_UNUSED_FUNCTION = YES;
				GCC_WARN_UNUSED_VARIABLE = YES;
				IPHONEOS_DEPLOYMENT_TARGET = 18.5;
				LOCALIZATION_PREFERS_STRING_CATALOGS = YES;
				MTL_ENABLE_DEBUG_INFO = NO;
				MTL_FAST_MATH = YES;
				SDKROOT = iphoneos;
				SWIFT_COMPILATION_MODE = wholemodule;
				VALIDATE_PRODUCT = YES;
			};
			name = Release;
		};
		A1B2C3D4E5F6789012345700 /* Debug */ = {
			isa = XCBuildConfiguration;
			buildSettings = {
				ASSETCATALOG_COMPILER_APPICON_NAME = AppIcon;
				ASSETCATALOG_COMPILER_GLOBAL_ACCENT_COLOR_NAME = AccentColor;
				CODE_SIGN_ENTITLEMENTS = JoyLabsNative/JoyLabsNative.entitlements;
				CODE_SIGN_STYLE = Automatic;
				CURRENT_PROJECT_VERSION = 4;
				DEVELOPMENT_ASSET_PATHS = "\"JoyLabsNative/Preview Content\"";
				ENABLE_PREVIEWS = YES;
				GENERATE_INFOPLIST_FILE = NO;
				INFOPLIST_FILE = JoyLabsNative/Info.plist;
				INFOPLIST_KEY_CFBundleDisplayName = "JoyLabs Native";
				INFOPLIST_KEY_LSApplicationCategoryType = "public.app-category.business";
				INFOPLIST_KEY_NSCameraUsageDescription = "This app needs camera access for barcode scanning and taking photos";
				INFOPLIST_KEY_NSPhotoLibraryAddUsageDescription = "This app needs permission to save photos to your photo library";
				INFOPLIST_KEY_NSPhotoLibraryUsageDescription = "This app needs full photo library access to select and manage item images for your catalog";
				INFOPLIST_KEY_UIApplicationSceneManifest_Generation = YES;
				INFOPLIST_KEY_UIApplicationSupportsIndirectInputEvents = YES;
				INFOPLIST_KEY_UILaunchScreen_Generation = YES;
				INFOPLIST_KEY_UISupportedInterfaceOrientations = UIInterfaceOrientationPortrait;
				INFOPLIST_KEY_UISupportedInterfaceOrientations_iPad = "UIInterfaceOrientationLandscapeLeft UIInterfaceOrientationLandscapeRight UIInterfaceOrientationPortrait UIInterfaceOrientationPortraitUpsideDown";
				IPHONEOS_DEPLOYMENT_TARGET = 18.5;
				LD_RUNPATH_SEARCH_PATHS = (
					"$(inherited)",
					"@executable_path/Frameworks",
				);
				MARKETING_VERSION = 0.1;
				PRODUCT_BUNDLE_IDENTIFIER = com.joylabs.native;
				PRODUCT_NAME = "$(TARGET_NAME)";
				SUPPORTED_PLATFORMS = "iphoneos iphonesimulator";
				SUPPORTS_MACCATALYST = NO;
				SUPPORTS_MAC_DESIGNED_FOR_IPHONE_IPAD = NO;
				SWIFT_EMIT_LOC_STRINGS = YES;
				SWIFT_VERSION = 5.0;
				TARGETED_DEVICE_FAMILY = "1,2";
			};
			name = Debug;
		};
		A1B2C3D4E5F6789012345701 /* Release */ = {
			isa = XCBuildConfiguration;
			buildSettings = {
				ASSETCATALOG_COMPILER_APPICON_NAME = AppIcon;
				ASSETCATALOG_COMPILER_GLOBAL_ACCENT_COLOR_NAME = AccentColor;
				CODE_SIGN_ENTITLEMENTS = JoyLabsNative/JoyLabsNative.entitlements;
				CODE_SIGN_STYLE = Automatic;
				CURRENT_PROJECT_VERSION = 4;
				DEVELOPMENT_ASSET_PATHS = "\"JoyLabsNative/Preview Content\"";
				ENABLE_PREVIEWS = YES;
				GENERATE_INFOPLIST_FILE = NO;
				INFOPLIST_FILE = JoyLabsNative/Info.plist;
				INFOPLIST_KEY_CFBundleDisplayName = "JoyLabs Native";
				INFOPLIST_KEY_LSApplicationCategoryType = "public.app-category.business";
				INFOPLIST_KEY_NSCameraUsageDescription = "This app needs camera access for barcode scanning and taking photos";
				INFOPLIST_KEY_NSPhotoLibraryAddUsageDescription = "This app needs permission to save photos to your photo library";
				INFOPLIST_KEY_NSPhotoLibraryUsageDescription = "This app needs full photo library access to select and manage item images for your catalog";
				INFOPLIST_KEY_UIApplicationSceneManifest_Generation = YES;
				INFOPLIST_KEY_UIApplicationSupportsIndirectInputEvents = YES;
				INFOPLIST_KEY_UILaunchScreen_Generation = YES;
				INFOPLIST_KEY_UISupportedInterfaceOrientations = UIInterfaceOrientationPortrait;
				INFOPLIST_KEY_UISupportedInterfaceOrientations_iPad = "UIInterfaceOrientationLandscapeLeft UIInterfaceOrientationLandscapeRight UIInterfaceOrientationPortrait UIInterfaceOrientationPortraitUpsideDown";
				IPHONEOS_DEPLOYMENT_TARGET = 18.5;
				LD_RUNPATH_SEARCH_PATHS = (
					"$(inherited)",
					"@executable_path/Frameworks",
				);
				MARKETING_VERSION = 0.1;
				PRODUCT_BUNDLE_IDENTIFIER = com.joylabs.native;
				PRODUCT_NAME = "$(TARGET_NAME)";
				SUPPORTED_PLATFORMS = "iphoneos iphonesimulator";
				SUPPORTS_MACCATALYST = NO;
				SUPPORTS_MAC_DESIGNED_FOR_IPHONE_IPAD = NO;
				SWIFT_EMIT_LOC_STRINGS = YES;
				SWIFT_VERSION = 5.0;
				TARGETED_DEVICE_FAMILY = "1,2";
			};
			name = Release;
		};
/* End XCBuildConfiguration section */

/* Begin XCConfigurationList section */
		A1B2C3D4E5F6789012345693 /* Build configuration list for PBXNativeTarget "JoyLabsNative" */ = {
			isa = XCConfigurationList;
			buildConfigurations = (
				A1B2C3D4E5F6789012345700 /* Debug */,
				A1B2C3D4E5F6789012345701 /* Release */,
			);
			defaultConfigurationIsVisible = 0;
			defaultConfigurationName = Release;
		};
		A1B2C3D4E5F6789012345697 /* Build configuration list for PBXProject "JoyLabsNative" */ = {
			isa = XCConfigurationList;
			buildConfigurations = (
				A1B2C3D4E5F6789012345698 /* Debug */,
				A1B2C3D4E5F6789012345699 /* Release */,
			);
			defaultConfigurationIsVisible = 0;
			defaultConfigurationName = Release;
		};
/* End XCConfigurationList section */

/* Begin XCRemoteSwiftPackageReference section */
		A1B2C3D4E5F6789012345718 /* XCRemoteSwiftPackageReference "SQLite.swift" */ = {
			isa = XCRemoteSwiftPackageReference;
			repositoryURL = "https://github.com/stephencelis/SQLite.swift";
			requirement = {
				kind = upToNextMajorVersion;
				minimumVersion = 0.15.3;
			};
		};
/* End XCRemoteSwiftPackageReference section */

/* Begin XCSwiftPackageProductDependency section */
		A1B2C3D4E5F6789012345717 /* SQLite */ = {
			isa = XCSwiftPackageProductDependency;
			package = A1B2C3D4E5F6789012345718 /* XCRemoteSwiftPackageReference "SQLite.swift" */;
			productName = SQLite;
		};
/* End XCSwiftPackageProductDependency section */
	};
	rootObject = A1B2C3D4E5F6789012345696 /* Project object */;
}
