// !$*UTF8*$!
{
	archiveVersion = 1;
	classes = {
	};
	objectVersion = 56;
	objects = {

/* Begin PBXBuildFile section */
		A1B2C3D4E5F6789012345678 /* JoyLabsNativeApp.swift in Sources */ = {isa = PBXBuildFile; fileRef = A1B2C3D4E5F6789012345679 /* JoyLabsNativeApp.swift */; };
		A1B2C3D4E5F6789012345680 /* ContentView.swift in Sources */ = {isa = PBXBuildFile; fileRef = A1B2C3D4E5F6789012345681 /* ContentView.swift */; };
		A1B2C3D4E5F6789012345682 /* Assets.xcassets in Resources */ = {isa = PBXBuildFile; fileRef = A1B2C3D4E5F6789012345683 /* Assets.xcassets */; };
		A1B2C3D4E5F6789012345684 /* Preview Assets.xcassets in Resources */ = {isa = PBXBuildFile; fileRef = A1B2C3D4E5F6789012345685 /* Preview Assets.xcassets */; };
		A1B2C3D4E5F6789012345710 /* MockDatabaseManager.swift in Sources */ = {isa = PBXBuildFile; fileRef = A1B2C3D4E5F6789012345711 /* MockDatabaseManager.swift */; };
		A1B2C3D4E5F6789012345712 /* MockSearchManager.swift in Sources */ = {isa = PBXBuildFile; fileRef = A1B2C3D4E5F6789012345713 /* MockSearchManager.swift */; };
		A1B2C3D4E5F6789012345714 /* SearchModels.swift in Sources */ = {isa = PBXBuildFile; fileRef = A1B2C3D4E5F6789012345715 /* SearchModels.swift */; };
		A1B2C3D4E5F6789012345716 /* SQLite in Frameworks */ = {isa = PBXBuildFile; productRef = A1B2C3D4E5F6789012345717 /* SQLite */; };
		A1B2C3D4E5F6789012345719 /* DatabaseModels.swift in Sources */ = {isa = PBXBuildFile; fileRef = A1B2C3D4E5F6789012345720 /* DatabaseModels.swift */; };
		A1B2C3D4E5F6789012345721 /* EnhancedDatabaseManager.swift in Sources */ = {isa = PBXBuildFile; fileRef = A1B2C3D4E5F6789012345722 /* EnhancedDatabaseManager.swift */; };
		A1B2C3D4E5F6789012345723 /* DataValidation.swift in Sources */ = {isa = PBXBuildFile; fileRef = A1B2C3D4E5F6789012345724 /* DataValidation.swift */; };
		A1B2C3D4E5F6789012345725 /* ResilientDatabaseManager.swift in Sources */ = {isa = PBXBuildFile; fileRef = A1B2C3D4E5F6789012345726 /* ResilientDatabaseManager.swift */; };
		A1B2C3D4E5F6789012345727 /* ProductService.swift in Sources */ = {isa = PBXBuildFile; fileRef = A1B2C3D4E5F6789012345728 /* ProductService.swift */; };
		A1B2C3D4E5F6789012345729 /* ServiceImplementations.swift in Sources */ = {isa = PBXBuildFile; fileRef = A1B2C3D4E5F6789012345730 /* ServiceImplementations.swift */; };
		A1B2C3D4E5F6789012345731 /* EnhancedSearchService.swift in Sources */ = {isa = PBXBuildFile; fileRef = A1B2C3D4E5F6789012345732 /* EnhancedSearchService.swift */; };
		A1B2C3D4E5F6789012345733 /* MultiLevelCacheManager.swift in Sources */ = {isa = PBXBuildFile; fileRef = A1B2C3D4E5F6789012345734 /* MultiLevelCacheManager.swift */; };
		A1B2C3D4E5F6789012345735 /* SearchPerformanceMonitor.swift in Sources */ = {isa = PBXBuildFile; fileRef = A1B2C3D4E5F6789012345736 /* SearchPerformanceMonitor.swift */; };
/* End PBXBuildFile section */

/* Begin PBXFileReference section */
		A1B2C3D4E5F6789012345679 /* JoyLabsNativeApp.swift */ = {isa = PBXFileReference; lastKnownFileType = sourcecode.swift; path = JoyLabsNativeApp.swift; sourceTree = "<group>"; };
		A1B2C3D4E5F6789012345681 /* ContentView.swift */ = {isa = PBXFileReference; lastKnownFileType = sourcecode.swift; path = ContentView.swift; sourceTree = "<group>"; };
		A1B2C3D4E5F6789012345683 /* Assets.xcassets */ = {isa = PBXFileReference; lastKnownFileType = folder.assetcatalog; path = Assets.xcassets; sourceTree = "<group>"; };
		A1B2C3D4E5F6789012345685 /* Preview Assets.xcassets */ = {isa = PBXFileReference; lastKnownFileType = folder.assetcatalog; path = "Preview Assets.xcassets"; sourceTree = "<group>"; };
		A1B2C3D4E5F6789012345686 /* JoyLabsNative.app */ = {isa = PBXFileReference; explicitFileType = wrapper.application; includeInIndex = 0; path = JoyLabsNative.app; sourceTree = BUILT_PRODUCTS_DIR; };
		A1B2C3D4E5F6789012345711 /* MockDatabaseManager.swift */ = {isa = PBXFileReference; lastKnownFileType = sourcecode.swift; path = "Core/Database/MockDatabaseManager.swift"; sourceTree = "<group>"; };
		A1B2C3D4E5F6789012345713 /* MockSearchManager.swift */ = {isa = PBXFileReference; lastKnownFileType = sourcecode.swift; path = "Core/Search/MockSearchManager.swift"; sourceTree = "<group>"; };
		A1B2C3D4E5F6789012345715 /* SearchModels.swift */ = {isa = PBXFileReference; lastKnownFileType = sourcecode.swift; path = "Core/Models/SearchModels.swift"; sourceTree = "<group>"; };
		A1B2C3D4E5F6789012345720 /* DatabaseModels.swift */ = {isa = PBXFileReference; lastKnownFileType = sourcecode.swift; path = "Core/Database/DatabaseModels.swift"; sourceTree = "<group>"; };
		A1B2C3D4E5F6789012345722 /* EnhancedDatabaseManager.swift */ = {isa = PBXFileReference; lastKnownFileType = sourcecode.swift; path = "Core/Database/EnhancedDatabaseManager.swift"; sourceTree = "<group>"; };
		A1B2C3D4E5F6789012345724 /* DataValidation.swift */ = {isa = PBXFileReference; lastKnownFileType = sourcecode.swift; path = "Core/Database/DataValidation.swift"; sourceTree = "<group>"; };
		A1B2C3D4E5F6789012345726 /* ResilientDatabaseManager.swift */ = {isa = PBXFileReference; lastKnownFileType = sourcecode.swift; path = "Core/Database/ResilientDatabaseManager.swift"; sourceTree = "<group>"; };
		A1B2C3D4E5F6789012345728 /* ProductService.swift */ = {isa = PBXFileReference; lastKnownFileType = sourcecode.swift; path = "Core/Services/ProductService.swift"; sourceTree = "<group>"; };
		A1B2C3D4E5F6789012345730 /* ServiceImplementations.swift */ = {isa = PBXFileReference; lastKnownFileType = sourcecode.swift; path = "Core/Services/ServiceImplementations.swift"; sourceTree = "<group>"; };
		A1B2C3D4E5F6789012345732 /* EnhancedSearchService.swift */ = {isa = PBXFileReference; lastKnownFileType = sourcecode.swift; path = "Core/Search/EnhancedSearchService.swift"; sourceTree = "<group>"; };
		A1B2C3D4E5F6789012345734 /* MultiLevelCacheManager.swift */ = {isa = PBXFileReference; lastKnownFileType = sourcecode.swift; path = "Core/Search/MultiLevelCacheManager.swift"; sourceTree = "<group>"; };
		A1B2C3D4E5F6789012345736 /* SearchPerformanceMonitor.swift */ = {isa = PBXFileReference; lastKnownFileType = sourcecode.swift; path = "Core/Search/SearchPerformanceMonitor.swift"; sourceTree = "<group>"; };
/* End PBXFileReference section */

/* Begin PBXFrameworksBuildPhase section */
		A1B2C3D4E5F6789012345687 /* Frameworks */ = {
			isa = PBXFrameworksBuildPhase;
			buildActionMask = 2147483647;
			files = (
				A1B2C3D4E5F6789012345716 /* SQLite in Frameworks */,
			);
			runOnlyForDeploymentPostprocessing = 0;
		};
/* End PBXFrameworksBuildPhase section */

/* Begin PBXGroup section */
		A1B2C3D4E5F6789012345688 = {
			isa = PBXGroup;
			children = (
				A1B2C3D4E5F6789012345689 /* JoyLabsNative */,
				A1B2C3D4E5F6789012345690 /* Products */,
			);
			sourceTree = "<group>";
		};
		A1B2C3D4E5F6789012345689 /* JoyLabsNative */ = {
			isa = PBXGroup;
			children = (
				A1B2C3D4E5F6789012345679 /* JoyLabsNativeApp.swift */,
				A1B2C3D4E5F6789012345681 /* ContentView.swift */,
				A1B2C3D4E5F6789012345711 /* MockDatabaseManager.swift */,
				A1B2C3D4E5F6789012345713 /* MockSearchManager.swift */,
				A1B2C3D4E5F6789012345715 /* SearchModels.swift */,
				A1B2C3D4E5F6789012345720 /* DatabaseModels.swift */,
				A1B2C3D4E5F6789012345722 /* EnhancedDatabaseManager.swift */,
				A1B2C3D4E5F6789012345724 /* DataValidation.swift */,
				A1B2C3D4E5F6789012345726 /* ResilientDatabaseManager.swift */,
				A1B2C3D4E5F6789012345728 /* ProductService.swift */,
				A1B2C3D4E5F6789012345730 /* ServiceImplementations.swift */,
				A1B2C3D4E5F6789012345732 /* EnhancedSearchService.swift */,
				A1B2C3D4E5F6789012345734 /* MultiLevelCacheManager.swift */,
				A1B2C3D4E5F6789012345736 /* SearchPerformanceMonitor.swift */,
				A1B2C3D4E5F6789012345683 /* Assets.xcassets */,
				A1B2C3D4E5F6789012345691 /* Preview Content */,
			);
			path = JoyLabsNative;
			sourceTree = "<group>";
		};
		A1B2C3D4E5F6789012345690 /* Products */ = {
			isa = PBXGroup;
			children = (
				A1B2C3D4E5F6789012345686 /* JoyLabsNative.app */,
			);
			name = Products;
			sourceTree = "<group>";
		};
		A1B2C3D4E5F6789012345691 /* Preview Content */ = {
			isa = PBXGroup;
			children = (
				A1B2C3D4E5F6789012345685 /* Preview Assets.xcassets */,
			);
			path = "Preview Content";
			sourceTree = "<group>";
		};
/* End PBXGroup section */

/* Begin PBXNativeTarget section */
		A1B2C3D4E5F6789012345692 /* JoyLabsNative */ = {
			isa = PBXNativeTarget;
			buildConfigurationList = A1B2C3D4E5F6789012345693 /* Build configuration list for PBXNativeTarget "JoyLabsNative" */;
			buildPhases = (
				A1B2C3D4E5F6789012345694 /* Sources */,
				A1B2C3D4E5F6789012345687 /* Frameworks */,
				A1B2C3D4E5F6789012345695 /* Resources */,
			);
			buildRules = (
			);
			dependencies = (
			);
			name = JoyLabsNative;
			packageProductDependencies = (
				A1B2C3D4E5F6789012345717 /* SQLite */,
			);
			productName = JoyLabsNative;
			productReference = A1B2C3D4E5F6789012345686 /* JoyLabsNative.app */;
			productType = "com.apple.product-type.application";
		};
/* End PBXNativeTarget section */

/* Begin PBXProject section */
		A1B2C3D4E5F6789012345696 /* Project object */ = {
			isa = PBXProject;
			attributes = {
				BuildIndependentTargetsInParallel = 1;
				LastSwiftUpdateCheck = 1500;
				LastUpgradeCheck = 1500;
				TargetAttributes = {
					A1B2C3D4E5F6789012345692 = {
						CreatedOnToolsVersion = 15.0;
					};
				};
			};
			buildConfigurationList = A1B2C3D4E5F6789012345697 /* Build configuration list for PBXProject "JoyLabsNative" */;
			compatibilityVersion = "Xcode 14.0";
			developmentRegion = en;
			hasScannedForEncodings = 0;
			knownRegions = (
				en,
				Base,
			);
			mainGroup = A1B2C3D4E5F6789012345688;
			packageReferences = (
				A1B2C3D4E5F6789012345718 /* XCRemoteSwiftPackageReference "SQLite.swift" */,
			);
			productRefGroup = A1B2C3D4E5F6789012345690 /* Products */;
			projectDirPath = "";
			projectRoot = "";
			targets = (
				A1B2C3D4E5F6789012345692 /* JoyLabsNative */,
			);
		};
/* End PBXProject section */

/* Begin PBXResourcesBuildPhase section */
		A1B2C3D4E5F6789012345695 /* Resources */ = {
			isa = PBXResourcesBuildPhase;
			buildActionMask = 2147483647;
			files = (
				A1B2C3D4E5F6789012345684 /* Preview Assets.xcassets in Resources */,
				A1B2C3D4E5F6789012345682 /* Assets.xcassets in Resources */,
			);
			runOnlyForDeploymentPostprocessing = 0;
		};
/* End PBXResourcesBuildPhase section */

/* Begin PBXSourcesBuildPhase section */
		A1B2C3D4E5F6789012345694 /* Sources */ = {
			isa = PBXSourcesBuildPhase;
			buildActionMask = 2147483647;
			files = (
				A1B2C3D4E5F6789012345680 /* ContentView.swift in Sources */,
				A1B2C3D4E5F6789012345678 /* JoyLabsNativeApp.swift in Sources */,
				A1B2C3D4E5F6789012345710 /* MockDatabaseManager.swift in Sources */,
				A1B2C3D4E5F6789012345712 /* MockSearchManager.swift in Sources */,
				A1B2C3D4E5F6789012345714 /* SearchModels.swift in Sources */,
				A1B2C3D4E5F6789012345719 /* DatabaseModels.swift in Sources */,
				A1B2C3D4E5F6789012345721 /* EnhancedDatabaseManager.swift in Sources */,
				A1B2C3D4E5F6789012345723 /* DataValidation.swift in Sources */,
				A1B2C3D4E5F6789012345725 /* ResilientDatabaseManager.swift in Sources */,
				A1B2C3D4E5F6789012345727 /* ProductService.swift in Sources */,
				A1B2C3D4E5F6789012345729 /* ServiceImplementations.swift in Sources */,
				A1B2C3D4E5F6789012345731 /* EnhancedSearchService.swift in Sources */,
				A1B2C3D4E5F6789012345733 /* MultiLevelCacheManager.swift in Sources */,
				A1B2C3D4E5F6789012345735 /* SearchPerformanceMonitor.swift in Sources */,
			);
			runOnlyForDeploymentPostprocessing = 0;
		};
/* End PBXSourcesBuildPhase section */

/* Begin XCBuildConfiguration section */
		A1B2C3D4E5F6789012345698 /* Debug */ = {
			isa = XCBuildConfiguration;
			buildSettings = {
				ALWAYS_SEARCH_USER_PATHS = NO;
				ASSETCATALOG_COMPILER_GENERATE_SWIFT_ASSET_SYMBOL_EXTENSIONS = YES;
				CLANG_ANALYZER_NONNULL = YES;
				CLANG_ANALYZER_NUMBER_OBJECT_CONVERSION = YES_AGGRESSIVE;
				CLANG_CXX_LANGUAGE_STANDARD = "gnu++20";
				CLANG_ENABLE_MODULES = YES;
				CLANG_ENABLE_OBJC_ARC = YES;
				CLANG_ENABLE_OBJC_WEAK = YES;
				CLANG_WARN_BLOCK_CAPTURE_AUTORELEASING = YES;
				CLANG_WARN_BOOL_CONVERSION = YES;
				CLANG_WARN_COMMA = YES;
				CLANG_WARN_CONSTANT_CONVERSION = YES;
				CLANG_WARN_DEPRECATED_OBJC_IMPLEMENTATIONS = YES;
				CLANG_WARN_DIRECT_OBJC_ISA_USAGE = YES_ERROR;
				CLANG_WARN_DOCUMENTATION_COMMENTS = YES;
				CLANG_WARN_EMPTY_BODY = YES;
				CLANG_WARN_ENUM_CONVERSION = YES;
				CLANG_WARN_INFINITE_RECURSION = YES;
				CLANG_WARN_INT_CONVERSION = YES;
				CLANG_WARN_NON_LITERAL_NULL_CONVERSION = YES;
				CLANG_WARN_OBJC_IMPLICIT_RETAIN_SELF = YES;
				CLANG_WARN_OBJC_LITERAL_CONVERSION = YES;
				CLANG_WARN_OBJC_ROOT_CLASS = YES_ERROR;
				CLANG_WARN_QUOTED_INCLUDE_IN_FRAMEWORK_HEADER = YES;
				CLANG_WARN_RANGE_LOOP_ANALYSIS = YES;
				CLANG_WARN_STRICT_PROTOTYPES = YES;
				CLANG_WARN_SUSPICIOUS_MOVE = YES;
				CLANG_WARN_UNGUARDED_AVAILABILITY = YES_AGGRESSIVE;
				CLANG_WARN_UNREACHABLE_CODE = YES;
				CLANG_WARN__DUPLICATE_METHOD_MATCH = YES;
				COPY_PHASE_STRIP = NO;
				DEBUG_INFORMATION_FORMAT = dwarf;
				ENABLE_STRICT_OBJC_MSGSEND = YES;
				ENABLE_TESTABILITY = YES;
				ENABLE_USER_SCRIPT_SANDBOXING = YES;
				GCC_C_LANGUAGE_STANDARD = gnu17;
				GCC_DYNAMIC_NO_PIC = NO;
				GCC_NO_COMMON_BLOCKS = YES;
				GCC_OPTIMIZATION_LEVEL = 0;
				GCC_PREPROCESSOR_DEFINITIONS = (
					"DEBUG=1",
					"$(inherited)",
				);
				GCC_WARN_64_TO_32_BIT_CONVERSION = YES;
				GCC_WARN_ABOUT_RETURN_TYPE = YES_ERROR;
				GCC_WARN_UNDECLARED_SELECTOR = YES;
				GCC_WARN_UNINITIALIZED_AUTOS = YES_AGGRESSIVE;
				GCC_WARN_UNUSED_FUNCTION = YES;
				GCC_WARN_UNUSED_VARIABLE = YES;
				IPHONEOS_DEPLOYMENT_TARGET = 18.5;
				LOCALIZATION_PREFERS_STRING_CATALOGS = YES;
				MTL_ENABLE_DEBUG_INFO = INCLUDE_SOURCE;
				MTL_FAST_MATH = YES;
				ONLY_ACTIVE_ARCH = YES;
				SDKROOT = iphoneos;
				SWIFT_ACTIVE_COMPILATION_CONDITIONS = "DEBUG $(inherited)";
				SWIFT_OPTIMIZATION_LEVEL = "-Onone";
			};
			name = Debug;
		};
		A1B2C3D4E5F6789012345699 /* Release */ = {
			isa = XCBuildConfiguration;
			buildSettings = {
				ALWAYS_SEARCH_USER_PATHS = NO;
				ASSETCATALOG_COMPILER_GENERATE_SWIFT_ASSET_SYMBOL_EXTENSIONS = YES;
				CLANG_ANALYZER_NONNULL = YES;
				CLANG_ANALYZER_NUMBER_OBJECT_CONVERSION = YES_AGGRESSIVE;
				CLANG_CXX_LANGUAGE_STANDARD = "gnu++20";
				CLANG_ENABLE_MODULES = YES;
				CLANG_ENABLE_OBJC_ARC = YES;
				CLANG_ENABLE_OBJC_WEAK = YES;
				CLANG_WARN_BLOCK_CAPTURE_AUTORELEASING = YES;
				CLANG_WARN_BOOL_CONVERSION = YES;
				CLANG_WARN_COMMA = YES;
				CLANG_WARN_CONSTANT_CONVERSION = YES;
				CLANG_WARN_DEPRECATED_OBJC_IMPLEMENTATIONS = YES;
				CLANG_WARN_DIRECT_OBJC_ISA_USAGE = YES_ERROR;
				CLANG_WARN_DOCUMENTATION_COMMENTS = YES;
				CLANG_WARN_EMPTY_BODY = YES;
				CLANG_WARN_ENUM_CONVERSION = YES;
				CLANG_WARN_INFINITE_RECURSION = YES;
				CLANG_WARN_INT_CONVERSION = YES;
				CLANG_WARN_NON_LITERAL_NULL_CONVERSION = YES;
				CLANG_WARN_OBJC_IMPLICIT_RETAIN_SELF = YES;
				CLANG_WARN_OBJC_LITERAL_CONVERSION = YES;
				CLANG_WARN_OBJC_ROOT_CLASS = YES_ERROR;
				CLANG_WARN_QUOTED_INCLUDE_IN_FRAMEWORK_HEADER = YES;
				CLANG_WARN_RANGE_LOOP_ANALYSIS = YES;
				CLANG_WARN_STRICT_PROTOTYPES = YES;
				CLANG_WARN_SUSPICIOUS_MOVE = YES;
				CLANG_WARN_UNGUARDED_AVAILABILITY = YES_AGGRESSIVE;
				CLANG_WARN_UNREACHABLE_CODE = YES;
				CLANG_WARN__DUPLICATE_METHOD_MATCH = YES;
				COPY_PHASE_STRIP = NO;
				DEBUG_INFORMATION_FORMAT = "dwarf-with-dsym";
				ENABLE_NS_ASSERTIONS = NO;
				ENABLE_STRICT_OBJC_MSGSEND = YES;
				ENABLE_USER_SCRIPT_SANDBOXING = YES;
				GCC_C_LANGUAGE_STANDARD = gnu17;
				GCC_NO_COMMON_BLOCKS = YES;
				GCC_WARN_64_TO_32_BIT_CONVERSION = YES;
				GCC_WARN_ABOUT_RETURN_TYPE = YES_ERROR;
				GCC_WARN_UNDECLARED_SELECTOR = YES;
				GCC_WARN_UNINITIALIZED_AUTOS = YES_AGGRESSIVE;
				GCC_WARN_UNUSED_FUNCTION = YES;
				GCC_WARN_UNUSED_VARIABLE = YES;
				IPHONEOS_DEPLOYMENT_TARGET = 18.5;
				LOCALIZATION_PREFERS_STRING_CATALOGS = YES;
				MTL_ENABLE_DEBUG_INFO = NO;
				MTL_FAST_MATH = YES;
				SDKROOT = iphoneos;
				SWIFT_COMPILATION_MODE = wholemodule;
				VALIDATE_PRODUCT = YES;
			};
			name = Release;
		};
		A1B2C3D4E5F6789012345700 /* Debug */ = {
			isa = XCBuildConfiguration;
			buildSettings = {
				ASSETCATALOG_COMPILER_APPICON_NAME = AppIcon;
				ASSETCATALOG_COMPILER_GLOBAL_ACCENT_COLOR_NAME = AccentColor;
				CODE_SIGN_STYLE = Automatic;
				CURRENT_PROJECT_VERSION = 1;
				DEVELOPMENT_ASSET_PATHS = "\"JoyLabsNative/Preview Content\"";
				DEVELOPMENT_TEAM = KDD3ZB7XA8;
				ENABLE_PREVIEWS = YES;
				GENERATE_INFOPLIST_FILE = YES;
				INFOPLIST_KEY_CFBundleDisplayName = "JoyLabs Native";
				INFOPLIST_KEY_LSApplicationCategoryType = "public.app-category.business";
				INFOPLIST_KEY_UIApplicationSceneManifest_Generation = YES;
				INFOPLIST_KEY_UIApplicationSupportsIndirectInputEvents = YES;
				INFOPLIST_KEY_UILaunchScreen_Generation = YES;
				INFOPLIST_KEY_UISupportedInterfaceOrientations = UIInterfaceOrientationPortrait;
				INFOPLIST_KEY_UISupportedInterfaceOrientations_iPad = "UIInterfaceOrientationLandscapeLeft UIInterfaceOrientationLandscapeRight UIInterfaceOrientationPortrait UIInterfaceOrientationPortraitUpsideDown";
				IPHONEOS_DEPLOYMENT_TARGET = 18.5;
				LD_RUNPATH_SEARCH_PATHS = (
					"$(inherited)",
					"@executable_path/Frameworks",
				);
				MARKETING_VERSION = 1.0;
				PRODUCT_BUNDLE_IDENTIFIER = com.joylabs.native;
				PRODUCT_NAME = "$(TARGET_NAME)";
				SUPPORTED_PLATFORMS = "iphoneos iphonesimulator";
				SUPPORTS_MACCATALYST = NO;
				SUPPORTS_MAC_DESIGNED_FOR_IPHONE_IPAD = NO;
				SWIFT_EMIT_LOC_STRINGS = YES;
				SWIFT_VERSION = 5.0;
				TARGETED_DEVICE_FAMILY = "1,2";
			};
			name = Debug;
		};
		A1B2C3D4E5F6789012345701 /* Release */ = {
			isa = XCBuildConfiguration;
			buildSettings = {
				ASSETCATALOG_COMPILER_APPICON_NAME = AppIcon;
				ASSETCATALOG_COMPILER_GLOBAL_ACCENT_COLOR_NAME = AccentColor;
				CODE_SIGN_STYLE = Automatic;
				CURRENT_PROJECT_VERSION = 1;
				DEVELOPMENT_ASSET_PATHS = "\"JoyLabsNative/Preview Content\"";
				DEVELOPMENT_TEAM = KDD3ZB7XA8;
				ENABLE_PREVIEWS = YES;
				GENERATE_INFOPLIST_FILE = YES;
				INFOPLIST_KEY_CFBundleDisplayName = "JoyLabs Native";
				INFOPLIST_KEY_LSApplicationCategoryType = "public.app-category.business";
				INFOPLIST_KEY_UIApplicationSceneManifest_Generation = YES;
				INFOPLIST_KEY_UIApplicationSupportsIndirectInputEvents = YES;
				INFOPLIST_KEY_UILaunchScreen_Generation = YES;
				INFOPLIST_KEY_UISupportedInterfaceOrientations = UIInterfaceOrientationPortrait;
				INFOPLIST_KEY_UISupportedInterfaceOrientations_iPad = "UIInterfaceOrientationLandscapeLeft UIInterfaceOrientationLandscapeRight UIInterfaceOrientationPortrait UIInterfaceOrientationPortraitUpsideDown";
				IPHONEOS_DEPLOYMENT_TARGET = 18.5;
				LD_RUNPATH_SEARCH_PATHS = (
					"$(inherited)",
					"@executable_path/Frameworks",
				);
				MARKETING_VERSION = 1.0;
				PRODUCT_BUNDLE_IDENTIFIER = com.joylabs.native;
				PRODUCT_NAME = "$(TARGET_NAME)";
				SUPPORTED_PLATFORMS = "iphoneos iphonesimulator";
				SUPPORTS_MACCATALYST = NO;
				SUPPORTS_MAC_DESIGNED_FOR_IPHONE_IPAD = NO;
				SWIFT_EMIT_LOC_STRINGS = YES;
				SWIFT_VERSION = 5.0;
				TARGETED_DEVICE_FAMILY = "1,2";
			};
			name = Release;
		};
/* End XCBuildConfiguration section */

/* Begin XCConfigurationList section */
		A1B2C3D4E5F6789012345693 /* Build configuration list for PBXNativeTarget "JoyLabsNative" */ = {
			isa = XCConfigurationList;
			buildConfigurations = (
				A1B2C3D4E5F6789012345700 /* Debug */,
				A1B2C3D4E5F6789012345701 /* Release */,
			);
			defaultConfigurationIsVisible = 0;
			defaultConfigurationName = Release;
		};
		A1B2C3D4E5F6789012345697 /* Build configuration list for PBXProject "JoyLabsNative" */ = {
			isa = XCConfigurationList;
			buildConfigurations = (
				A1B2C3D4E5F6789012345698 /* Debug */,
				A1B2C3D4E5F6789012345699 /* Release */,
			);
			defaultConfigurationIsVisible = 0;
			defaultConfigurationName = Release;
		};
/* End XCConfigurationList section */

/* Begin XCRemoteSwiftPackageReference section */
		A1B2C3D4E5F6789012345718 /* XCRemoteSwiftPackageReference "SQLite.swift" */ = {
			isa = XCRemoteSwiftPackageReference;
			repositoryURL = "https://github.com/stephencelis/SQLite.swift";
			requirement = {
				kind = upToNextMajorVersion;
				minimumVersion = 0.15.3;
			};
		};
/* End XCRemoteSwiftPackageReference section */

/* Begin XCSwiftPackageProductDependency section */
		A1B2C3D4E5F6789012345717 /* SQLite */ = {
			isa = XCSwiftPackageProductDependency;
			package = A1B2C3D4E5F6789012345718 /* XCRemoteSwiftPackageReference "SQLite.swift" */;
			productName = SQLite;
		};
/* End XCSwiftPackageProductDependency section */
	};
	rootObject = A1B2C3D4E5F6789012345696 /* Project object */;
}
